// !$*UTF8*$!
{
	archiveVersion = 1;
	classes = {
	};
	objectVersion = 55;
	objects = {

/* Begin PBXBuildFile section */
		FD11F27229D20A3800E213EC /* Terms.swift in Sources */ = {isa = PBXBuildFile; fileRef = FD11F27129D20A3800E213EC /* Terms.swift */; };
		FD11F27429D21F3C00E213EC /* Guide.swift in Sources */ = {isa = PBXBuildFile; fileRef = FD11F27329D21F3C00E213EC /* Guide.swift */; };
		FD17240729A23FAA003DAC6E /* Introduction.swift in Sources */ = {isa = PBXBuildFile; fileRef = FD17240629A23FAA003DAC6E /* Introduction.swift */; };
		FD2D391628BBDD98009F1861 /* Breathic.app in Embed Watch Content */ = {isa = PBXBuildFile; fileRef = FD2D391528BBDD98009F1861 /* Breathic.app */; settings = {ATTRIBUTES = (RemoveHeadersOnCopy, ); }; };
		FD2D391B28BBDD99009F1861 /* Assets.xcassets in Resources */ = {isa = PBXBuildFile; fileRef = FD2D391A28BBDD99009F1861 /* Assets.xcassets */; };
		FD2D392628BBDD99009F1861 /* Content.swift in Sources */ = {isa = PBXBuildFile; fileRef = FD2D392528BBDD99009F1861 /* Content.swift */; };
		FD2D392828BBDD99009F1861 /* App.swift in Sources */ = {isa = PBXBuildFile; fileRef = FD2D392728BBDD99009F1861 /* App.swift */; };
		FD2D392A28BBDD99009F1861 /* ComplicationController.swift in Sources */ = {isa = PBXBuildFile; fileRef = FD2D392928BBDD99009F1861 /* ComplicationController.swift */; };
		FD2D392C28BBDD9A009F1861 /* Assets.xcassets in Resources */ = {isa = PBXBuildFile; fileRef = FD2D392B28BBDD9A009F1861 /* Assets.xcassets */; };
		FD2D392F28BBDD9A009F1861 /* Preview Assets.xcassets in Resources */ = {isa = PBXBuildFile; fileRef = FD2D392E28BBDD9A009F1861 /* Preview Assets.xcassets */; };
		FD2D393F28BBDE4A009F1861 /* Store.swift in Sources */ = {isa = PBXBuildFile; fileRef = FD2D393E28BBDE4A009F1861 /* Store.swift */; };
		FD2D394A28BBDF7B009F1861 /* Definitions.swift in Sources */ = {isa = PBXBuildFile; fileRef = FD2D394928BBDF7B009F1861 /* Definitions.swift */; };
		FD2D394C28BBDF9E009F1861 /* Constants.swift in Sources */ = {isa = PBXBuildFile; fileRef = FD2D394B28BBDF9E009F1861 /* Constants.swift */; };
		FD2D395228BBE012009F1861 /* Extensions.swift in Sources */ = {isa = PBXBuildFile; fileRef = FD2D395128BBE012009F1861 /* Extensions.swift */; };
		FD2D395828BBE14E009F1861 /* Player.swift in Sources */ = {isa = PBXBuildFile; fileRef = FD2D395728BBE14E009F1861 /* Player.swift */; };
		FD3EAA4C2A16174F0048E0A2 /* DurationPicker.swift in Sources */ = {isa = PBXBuildFile; fileRef = FD3EAA4B2A16174F0048E0A2 /* DurationPicker.swift */; };
		FD54540328C74BD6002E24C1 /* HealthKit.framework in Frameworks */ = {isa = PBXBuildFile; fileRef = FD54540228C74BD6002E24C1 /* HealthKit.framework */; };
		FD877CEE29C89A6B007D95F6 /* EFQRCode in Frameworks */ = {isa = PBXBuildFile; productRef = FD877CED29C89A6B007D95F6 /* EFQRCode */; };
		FD8A9AB729D5863F00A9A746 /* ActivityPicker.swift in Sources */ = {isa = PBXBuildFile; fileRef = FD8A9AB629D5863F00A9A746 /* ActivityPicker.swift */; };
		FD8A9AB929DAEFD800A9A746 /* Save.swift in Sources */ = {isa = PBXBuildFile; fileRef = FD8A9AB829DAEFD800A9A746 /* Save.swift */; };
		FD8A9AC929DD9C4400A9A746 /* DeviceCheck.swift in Sources */ = {isa = PBXBuildFile; fileRef = FD8A9AC829DD9C4400A9A746 /* DeviceCheck.swift */; };
		FD8E3EE7290AC4FF0048B2F7 /* Components.swift in Sources */ = {isa = PBXBuildFile; fileRef = FD8E3EE6290AC4FF0048B2F7 /* Components.swift */; };
		FD9ABDE229C2588A00C60F25 /* Network.swift in Sources */ = {isa = PBXBuildFile; fileRef = FD9ABDE129C2588A00C60F25 /* Network.swift */; };
		FDBDAF6F29204CDD00F57DC1 /* Controller.swift in Sources */ = {isa = PBXBuildFile; fileRef = FDBDAF6E29204CDD00F57DC1 /* Controller.swift */; };
		FDBDAF7129204D9100F57DC1 /* ViewHelper.swift in Sources */ = {isa = PBXBuildFile; fileRef = FDBDAF7029204D9100F57DC1 /* ViewHelper.swift */; };
		FDBDAF732920516E00F57DC1 /* Status.swift in Sources */ = {isa = PBXBuildFile; fileRef = FDBDAF722920516E00F57DC1 /* Status.swift */; };
		FDBDAF75292051BC00F57DC1 /* Menu.swift in Sources */ = {isa = PBXBuildFile; fileRef = FDBDAF74292051BC00F57DC1 /* Menu.swift */; };
		FDBDAF772920530900F57DC1 /* LogPicker.swift in Sources */ = {isa = PBXBuildFile; fileRef = FDBDAF762920530900F57DC1 /* LogPicker.swift */; };
		FDBDAF792920544400F57DC1 /* Rhythm.swift in Sources */ = {isa = PBXBuildFile; fileRef = FDBDAF782920544400F57DC1 /* Rhythm.swift */; };
		FDBDAF7B2920551A00F57DC1 /* Finish.swift in Sources */ = {isa = PBXBuildFile; fileRef = FDBDAF7A2920551A00F57DC1 /* Finish.swift */; };
		FDBDAF7D2920559200F57DC1 /* DeleteConfirmation.swift in Sources */ = {isa = PBXBuildFile; fileRef = FDBDAF7C2920559200F57DC1 /* DeleteConfirmation.swift */; };
		FDBDAF812920576900F57DC1 /* Drag.swift in Sources */ = {isa = PBXBuildFile; fileRef = FDBDAF802920576900F57DC1 /* Drag.swift */; };
		FDBDAF832920593700F57DC1 /* Toolbar.swift in Sources */ = {isa = PBXBuildFile; fileRef = FDBDAF822920593700F57DC1 /* Toolbar.swift */; };
		FDC09FC328F0A58200F42253 /* Library.swift in Sources */ = {isa = PBXBuildFile; fileRef = FDC09FC228F0A58200F42253 /* Library.swift */; };
		FDC2B0F22922B23D006F53C6 /* Overview.swift in Sources */ = {isa = PBXBuildFile; fileRef = FDC2B0F12922B23D006F53C6 /* Overview.swift */; };
		FDC878A329A144E400579008 /* CompactSlider in Frameworks */ = {isa = PBXBuildFile; productRef = FDC878A229A144E400579008 /* CompactSlider */; };
		FDC878A529A152B700579008 /* Styles.swift in Sources */ = {isa = PBXBuildFile; fileRef = FDC878A429A152B700579008 /* Styles.swift */; };
		FDDA8F8229709DEB00CBDA58 /* DiscardConfirmation.swift in Sources */ = {isa = PBXBuildFile; fileRef = FDDA8F8129709DEB00CBDA58 /* DiscardConfirmation.swift */; };
		FDF1E1D22911BAEF0059F5D6 /* Location.swift in Sources */ = {isa = PBXBuildFile; fileRef = FDF1E1D12911BAEF0059F5D6 /* Location.swift */; };
		FDF1E1D42911BB960059F5D6 /* Step.swift in Sources */ = {isa = PBXBuildFile; fileRef = FDF1E1D32911BB960059F5D6 /* Step.swift */; };
		FDF1E1D62911BC3D0059F5D6 /* Heart.swift in Sources */ = {isa = PBXBuildFile; fileRef = FDF1E1D52911BC3D0059F5D6 /* Heart.swift */; };
		FDF9A8CE29C5330800DC24E8 /* Filesystem.swift in Sources */ = {isa = PBXBuildFile; fileRef = FDF9A8CD29C5330800DC24E8 /* Filesystem.swift */; };
		FDF9A8D329C5C63500DC24E8 /* Session.swift in Sources */ = {isa = PBXBuildFile; fileRef = FDF9A8D229C5C63500DC24E8 /* Session.swift */; };
		FDF9A8D629C5C68100DC24E8 /* Audio.swift in Sources */ = {isa = PBXBuildFile; fileRef = FDF9A8D529C5C68100DC24E8 /* Audio.swift */; };
		FDF9A8D829C71B8A00DC24E8 /* data in Resources */ = {isa = PBXBuildFile; fileRef = FDF9A8D729C71B8A00DC24E8 /* data */; };
		FDFC2F18291FA4A000E4C8C8 /* Readings.swift in Sources */ = {isa = PBXBuildFile; fileRef = FDFC2F17291FA4A000E4C8C8 /* Readings.swift */; };
/* End PBXBuildFile section */

/* Begin PBXContainerItemProxy section */
		FD2D391728BBDD98009F1861 /* PBXContainerItemProxy */ = {
			isa = PBXContainerItemProxy;
			containerPortal = FD2D390B28BBDD97009F1861 /* Project object */;
			proxyType = 1;
			remoteGlobalIDString = FD2D391428BBDD98009F1861;
			remoteInfo = "pacemaker WatchKit App";
		};
/* End PBXContainerItemProxy section */

/* Begin PBXCopyFilesBuildPhase section */
		FD2D393A28BBDD9A009F1861 /* Embed Watch Content */ = {
			isa = PBXCopyFilesBuildPhase;
			buildActionMask = 2147483647;
			dstPath = "$(CONTENTS_FOLDER_PATH)/Watch";
			dstSubfolderSpec = 16;
			files = (
				FD2D391628BBDD98009F1861 /* Breathic.app in Embed Watch Content */,
			);
			name = "Embed Watch Content";
			runOnlyForDeploymentPostprocessing = 0;
		};
/* End PBXCopyFilesBuildPhase section */

/* Begin PBXFileReference section */
		FD11F27129D20A3800E213EC /* Terms.swift */ = {isa = PBXFileReference; lastKnownFileType = sourcecode.swift; path = Terms.swift; sourceTree = "<group>"; };
		FD11F27329D21F3C00E213EC /* Guide.swift */ = {isa = PBXFileReference; lastKnownFileType = sourcecode.swift; path = Guide.swift; sourceTree = "<group>"; };
		FD17240629A23FAA003DAC6E /* Introduction.swift */ = {isa = PBXFileReference; lastKnownFileType = sourcecode.swift; path = Introduction.swift; sourceTree = "<group>"; };
		FD2D391128BBDD97009F1861 /* Breathic.app */ = {isa = PBXFileReference; explicitFileType = wrapper.application; includeInIndex = 0; path = Breathic.app; sourceTree = BUILT_PRODUCTS_DIR; };
		FD2D391528BBDD98009F1861 /* Breathic.app */ = {isa = PBXFileReference; explicitFileType = wrapper.application; includeInIndex = 0; path = Breathic.app; sourceTree = BUILT_PRODUCTS_DIR; };
		FD2D391A28BBDD99009F1861 /* Assets.xcassets */ = {isa = PBXFileReference; lastKnownFileType = folder.assetcatalog; path = Assets.xcassets; sourceTree = "<group>"; };
		FD2D392528BBDD99009F1861 /* Content.swift */ = {isa = PBXFileReference; lastKnownFileType = sourcecode.swift; path = Content.swift; sourceTree = "<group>"; };
		FD2D392728BBDD99009F1861 /* App.swift */ = {isa = PBXFileReference; lastKnownFileType = sourcecode.swift; path = App.swift; sourceTree = "<group>"; };
		FD2D392928BBDD99009F1861 /* ComplicationController.swift */ = {isa = PBXFileReference; lastKnownFileType = sourcecode.swift; path = ComplicationController.swift; sourceTree = "<group>"; };
		FD2D392B28BBDD9A009F1861 /* Assets.xcassets */ = {isa = PBXFileReference; lastKnownFileType = folder.assetcatalog; path = Assets.xcassets; sourceTree = "<group>"; };
		FD2D392E28BBDD9A009F1861 /* Preview Assets.xcassets */ = {isa = PBXFileReference; lastKnownFileType = folder.assetcatalog; path = "Preview Assets.xcassets"; sourceTree = "<group>"; };
		FD2D393E28BBDE4A009F1861 /* Store.swift */ = {isa = PBXFileReference; lastKnownFileType = sourcecode.swift; path = Store.swift; sourceTree = "<group>"; };
		FD2D394928BBDF7B009F1861 /* Definitions.swift */ = {isa = PBXFileReference; lastKnownFileType = sourcecode.swift; path = Definitions.swift; sourceTree = "<group>"; };
		FD2D394B28BBDF9E009F1861 /* Constants.swift */ = {isa = PBXFileReference; lastKnownFileType = sourcecode.swift; path = Constants.swift; sourceTree = "<group>"; };
		FD2D395128BBE012009F1861 /* Extensions.swift */ = {isa = PBXFileReference; lastKnownFileType = sourcecode.swift; path = Extensions.swift; sourceTree = "<group>"; };
		FD2D395728BBE14E009F1861 /* Player.swift */ = {isa = PBXFileReference; lastKnownFileType = sourcecode.swift; path = Player.swift; sourceTree = "<group>"; };
		FD359C542933802700F14B68 /* ExtensionDebug.entitlements */ = {isa = PBXFileReference; fileEncoding = 4; lastKnownFileType = text.plist.entitlements; path = ExtensionDebug.entitlements; sourceTree = "<group>"; };
		FD3EAA4B2A16174F0048E0A2 /* DurationPicker.swift */ = {isa = PBXFileReference; lastKnownFileType = sourcecode.swift; path = DurationPicker.swift; sourceTree = "<group>"; };
		FD54540228C74BD6002E24C1 /* HealthKit.framework */ = {isa = PBXFileReference; lastKnownFileType = wrapper.framework; name = HealthKit.framework; path = Platforms/WatchOS.platform/Developer/SDKs/WatchOS8.5.sdk/System/Library/Frameworks/HealthKit.framework; sourceTree = DEVELOPER_DIR; };
		FD877D0229C8DD15007D95F6 /* Development.xcconfig */ = {isa = PBXFileReference; lastKnownFileType = text.xcconfig; path = Development.xcconfig; sourceTree = "<group>"; };
		FD877D0429C8DD2F007D95F6 /* Staging.xcconfig */ = {isa = PBXFileReference; lastKnownFileType = text.xcconfig; path = Staging.xcconfig; sourceTree = "<group>"; };
		FD877D0529C8DD3F007D95F6 /* Production.xcconfig */ = {isa = PBXFileReference; lastKnownFileType = text.xcconfig; path = Production.xcconfig; sourceTree = "<group>"; };
		FD8A9AB629D5863F00A9A746 /* ActivityPicker.swift */ = {isa = PBXFileReference; lastKnownFileType = sourcecode.swift; path = ActivityPicker.swift; sourceTree = "<group>"; };
		FD8A9AB829DAEFD800A9A746 /* Save.swift */ = {isa = PBXFileReference; lastKnownFileType = sourcecode.swift; path = Save.swift; sourceTree = "<group>"; };
		FD8A9AC829DD9C4400A9A746 /* DeviceCheck.swift */ = {isa = PBXFileReference; lastKnownFileType = sourcecode.swift; path = DeviceCheck.swift; sourceTree = "<group>"; };
		FD8E3EE6290AC4FF0048B2F7 /* Components.swift */ = {isa = PBXFileReference; lastKnownFileType = sourcecode.swift; path = Components.swift; sourceTree = "<group>"; };
		FD9ABDE129C2588A00C60F25 /* Network.swift */ = {isa = PBXFileReference; lastKnownFileType = sourcecode.swift; path = Network.swift; sourceTree = "<group>"; };
		FDA08A8228D49F2C001FE337 /* Breathic-WatchKit-App-Info.plist */ = {isa = PBXFileReference; lastKnownFileType = text.plist.xml; path = "Breathic-WatchKit-App-Info.plist"; sourceTree = SOURCE_ROOT; };
		FDBDAF6E29204CDD00F57DC1 /* Controller.swift */ = {isa = PBXFileReference; lastKnownFileType = sourcecode.swift; path = Controller.swift; sourceTree = "<group>"; };
		FDBDAF7029204D9100F57DC1 /* ViewHelper.swift */ = {isa = PBXFileReference; lastKnownFileType = sourcecode.swift; path = ViewHelper.swift; sourceTree = "<group>"; };
		FDBDAF722920516E00F57DC1 /* Status.swift */ = {isa = PBXFileReference; lastKnownFileType = sourcecode.swift; path = Status.swift; sourceTree = "<group>"; };
		FDBDAF74292051BC00F57DC1 /* Menu.swift */ = {isa = PBXFileReference; lastKnownFileType = sourcecode.swift; path = Menu.swift; sourceTree = "<group>"; };
		FDBDAF762920530900F57DC1 /* LogPicker.swift */ = {isa = PBXFileReference; lastKnownFileType = sourcecode.swift; path = LogPicker.swift; sourceTree = "<group>"; };
		FDBDAF782920544400F57DC1 /* Rhythm.swift */ = {isa = PBXFileReference; lastKnownFileType = sourcecode.swift; path = Rhythm.swift; sourceTree = "<group>"; };
		FDBDAF7A2920551A00F57DC1 /* Finish.swift */ = {isa = PBXFileReference; lastKnownFileType = sourcecode.swift; path = Finish.swift; sourceTree = "<group>"; };
		FDBDAF7C2920559200F57DC1 /* DeleteConfirmation.swift */ = {isa = PBXFileReference; lastKnownFileType = sourcecode.swift; path = DeleteConfirmation.swift; sourceTree = "<group>"; };
		FDBDAF802920576900F57DC1 /* Drag.swift */ = {isa = PBXFileReference; lastKnownFileType = sourcecode.swift; path = Drag.swift; sourceTree = "<group>"; };
		FDBDAF822920593700F57DC1 /* Toolbar.swift */ = {isa = PBXFileReference; lastKnownFileType = sourcecode.swift; path = Toolbar.swift; sourceTree = "<group>"; };
		FDC09FC228F0A58200F42253 /* Library.swift */ = {isa = PBXFileReference; lastKnownFileType = sourcecode.swift; path = Library.swift; sourceTree = "<group>"; };
		FDC2B0F12922B23D006F53C6 /* Overview.swift */ = {isa = PBXFileReference; lastKnownFileType = sourcecode.swift; path = Overview.swift; sourceTree = "<group>"; };
		FDC878A429A152B700579008 /* Styles.swift */ = {isa = PBXFileReference; lastKnownFileType = sourcecode.swift; path = Styles.swift; sourceTree = "<group>"; };
		FDDA8F8129709DEB00CBDA58 /* DiscardConfirmation.swift */ = {isa = PBXFileReference; lastKnownFileType = sourcecode.swift; path = DiscardConfirmation.swift; sourceTree = "<group>"; };
		FDF1E1D12911BAEF0059F5D6 /* Location.swift */ = {isa = PBXFileReference; lastKnownFileType = sourcecode.swift; path = Location.swift; sourceTree = "<group>"; };
		FDF1E1D32911BB960059F5D6 /* Step.swift */ = {isa = PBXFileReference; lastKnownFileType = sourcecode.swift; path = Step.swift; sourceTree = "<group>"; };
		FDF1E1D52911BC3D0059F5D6 /* Heart.swift */ = {isa = PBXFileReference; lastKnownFileType = sourcecode.swift; path = Heart.swift; sourceTree = "<group>"; };
		FDF9A8CD29C5330800DC24E8 /* Filesystem.swift */ = {isa = PBXFileReference; lastKnownFileType = sourcecode.swift; path = Filesystem.swift; sourceTree = "<group>"; };
		FDF9A8D229C5C63500DC24E8 /* Session.swift */ = {isa = PBXFileReference; lastKnownFileType = sourcecode.swift; path = Session.swift; sourceTree = "<group>"; };
		FDF9A8D529C5C68100DC24E8 /* Audio.swift */ = {isa = PBXFileReference; lastKnownFileType = sourcecode.swift; path = Audio.swift; sourceTree = "<group>"; };
		FDF9A8D729C71B8A00DC24E8 /* data */ = {isa = PBXFileReference; lastKnownFileType = folder; path = data; sourceTree = "<group>"; };
		FDFC2F17291FA4A000E4C8C8 /* Readings.swift */ = {isa = PBXFileReference; lastKnownFileType = sourcecode.swift; path = Readings.swift; sourceTree = "<group>"; };
/* End PBXFileReference section */

/* Begin PBXFrameworksBuildPhase section */
		FD2D391D28BBDD99009F1861 /* Frameworks */ = {
			isa = PBXFrameworksBuildPhase;
			buildActionMask = 2147483647;
			files = (
				FD54540328C74BD6002E24C1 /* HealthKit.framework in Frameworks */,
				FDC878A329A144E400579008 /* CompactSlider in Frameworks */,
				FD877CEE29C89A6B007D95F6 /* EFQRCode in Frameworks */,
			);
			runOnlyForDeploymentPostprocessing = 0;
		};
/* End PBXFrameworksBuildPhase section */

/* Begin PBXGroup section */
		FD2D390A28BBDD97009F1861 = {
			isa = PBXGroup;
			children = (
				FD2D391928BBDD98009F1861 /* App */,
				FD2D392428BBDD99009F1861 /* Extension */,
				FD2D394428BBDF24009F1861 /* Frameworks */,
				FD2D391228BBDD97009F1861 /* Products */,
			);
			sourceTree = "<group>";
		};
		FD2D391228BBDD97009F1861 /* Products */ = {
			isa = PBXGroup;
			children = (
				FD2D391128BBDD97009F1861 /* Breathic.app */,
				FD2D391528BBDD98009F1861 /* Breathic.app */,
			);
			name = Products;
			sourceTree = "<group>";
		};
		FD2D391928BBDD98009F1861 /* App */ = {
			isa = PBXGroup;
			children = (
				FDA08A8228D49F2C001FE337 /* Breathic-WatchKit-App-Info.plist */,
				FD2D391A28BBDD99009F1861 /* Assets.xcassets */,
			);
			path = App;
			sourceTree = "<group>";
		};
		FD2D392428BBDD99009F1861 /* Extension */ = {
			isa = PBXGroup;
			children = (
				FD2D392728BBDD99009F1861 /* App.swift */,
				FD877D0129C8DCD9007D95F6 /* configs */,
				FD2D392B28BBDD9A009F1861 /* Assets.xcassets */,
				FD2D392928BBDD99009F1861 /* ComplicationController.swift */,
				FDF9A8D729C71B8A00DC24E8 /* data */,
				FD359C542933802700F14B68 /* ExtensionDebug.entitlements */,
				FDF9A8D129C5C5EB00DC24E8 /* store */,
				FDF9A8CF29C5C3F900DC24E8 /* lib */,
				FD2D392D28BBDD9A009F1861 /* Preview Content */,
				FDFC2F1F291FA9B600E4C8C8 /* readers */,
				FDFC2F19291FA5F200E4C8C8 /* ui */,
			);
			path = Extension;
			sourceTree = "<group>";
		};
		FD2D392D28BBDD9A009F1861 /* Preview Content */ = {
			isa = PBXGroup;
			children = (
				FD2D392E28BBDD9A009F1861 /* Preview Assets.xcassets */,
			);
			path = "Preview Content";
			sourceTree = "<group>";
		};
		FD2D394428BBDF24009F1861 /* Frameworks */ = {
			isa = PBXGroup;
			children = (
				FD54540228C74BD6002E24C1 /* HealthKit.framework */,
			);
			name = Frameworks;
			sourceTree = "<group>";
		};
		FD877D0129C8DCD9007D95F6 /* configs */ = {
			isa = PBXGroup;
			children = (
				FD877D0229C8DD15007D95F6 /* Development.xcconfig */,
				FD877D0429C8DD2F007D95F6 /* Staging.xcconfig */,
				FD877D0529C8DD3F007D95F6 /* Production.xcconfig */,
			);
			path = configs;
			sourceTree = "<group>";
		};
		FDF9A8CF29C5C3F900DC24E8 /* lib */ = {
			isa = PBXGroup;
			children = (
				FD8A9AC829DD9C4400A9A746 /* DeviceCheck.swift */,
				FDBDAF7029204D9100F57DC1 /* ViewHelper.swift */,
				FDC09FC228F0A58200F42253 /* Library.swift */,
				FD2D395128BBE012009F1861 /* Extensions.swift */,
				FD9ABDE129C2588A00C60F25 /* Network.swift */,
				FD2D395728BBE14E009F1861 /* Player.swift */,
				FDF9A8CD29C5330800DC24E8 /* Filesystem.swift */,
			);
			path = lib;
			sourceTree = "<group>";
		};
		FDF9A8D129C5C5EB00DC24E8 /* store */ = {
			isa = PBXGroup;
			children = (
				FD2D393E28BBDE4A009F1861 /* Store.swift */,
				FD2D394B28BBDF9E009F1861 /* Constants.swift */,
				FD2D394928BBDF7B009F1861 /* Definitions.swift */,
				FDF9A8D229C5C63500DC24E8 /* Session.swift */,
				FDF9A8D529C5C68100DC24E8 /* Audio.swift */,
			);
			path = store;
			sourceTree = "<group>";
		};
		FDFC2F19291FA5F200E4C8C8 /* ui */ = {
			isa = PBXGroup;
			children = (
				FD8E3EE6290AC4FF0048B2F7 /* Components.swift */,
				FDFC2F1A291FA62F00E4C8C8 /* views */,
				FDC878A429A152B700579008 /* Styles.swift */,
			);
			path = ui;
			sourceTree = "<group>";
		};
		FDFC2F1A291FA62F00E4C8C8 /* views */ = {
			isa = PBXGroup;
			children = (
				FDC2B0F12922B23D006F53C6 /* Overview.swift */,
				FD11F27329D21F3C00E213EC /* Guide.swift */,
				FD8A9AB629D5863F00A9A746 /* ActivityPicker.swift */,
				FD3EAA4B2A16174F0048E0A2 /* DurationPicker.swift */,
				FD2D392528BBDD99009F1861 /* Content.swift */,
				FD17240629A23FAA003DAC6E /* Introduction.swift */,
				FDBDAF6E29204CDD00F57DC1 /* Controller.swift */,
				FD11F27129D20A3800E213EC /* Terms.swift */,
				FDBDAF7C2920559200F57DC1 /* DeleteConfirmation.swift */,
				FDBDAF802920576900F57DC1 /* Drag.swift */,
				FDBDAF762920530900F57DC1 /* LogPicker.swift */,
				FDBDAF74292051BC00F57DC1 /* Menu.swift */,
				FDBDAF782920544400F57DC1 /* Rhythm.swift */,
				FDBDAF7A2920551A00F57DC1 /* Finish.swift */,
				FDBDAF722920516E00F57DC1 /* Status.swift */,
				FDBDAF822920593700F57DC1 /* Toolbar.swift */,
				FDDA8F8129709DEB00CBDA58 /* DiscardConfirmation.swift */,
				FD8A9AB829DAEFD800A9A746 /* Save.swift */,
			);
			path = views;
			sourceTree = "<group>";
		};
		FDFC2F1F291FA9B600E4C8C8 /* readers */ = {
			isa = PBXGroup;
			children = (
				FDFC2F17291FA4A000E4C8C8 /* Readings.swift */,
				FDF1E1D52911BC3D0059F5D6 /* Heart.swift */,
				FDF1E1D12911BAEF0059F5D6 /* Location.swift */,
				FDF1E1D32911BB960059F5D6 /* Step.swift */,
			);
			path = readers;
			sourceTree = "<group>";
		};
/* End PBXGroup section */

/* Begin PBXNativeTarget section */
		FD2D391028BBDD97009F1861 /* Breathic */ = {
			isa = PBXNativeTarget;
			buildConfigurationList = FD2D393B28BBDD9A009F1861 /* Build configuration list for PBXNativeTarget "Breathic" */;
			buildPhases = (
				FD2D390F28BBDD97009F1861 /* Resources */,
				FD2D393A28BBDD9A009F1861 /* Embed Watch Content */,
			);
			buildRules = (
			);
			dependencies = (
				FD2D391828BBDD98009F1861 /* PBXTargetDependency */,
			);
			name = Breathic;
			packageProductDependencies = (
			);
			productName = pacemaker;
			productReference = FD2D391128BBDD97009F1861 /* Breathic.app */;
			productType = "com.apple.product-type.application.watchapp2-container";
		};
		FD2D391428BBDD98009F1861 /* Breathic WatchKit App */ = {
			isa = PBXNativeTarget;
			buildConfigurationList = FD2D393728BBDD9A009F1861 /* Build configuration list for PBXNativeTarget "Breathic WatchKit App" */;
			buildPhases = (
				FD2D391328BBDD98009F1861 /* Resources */,
				FD2D391C28BBDD99009F1861 /* Sources */,
				FD2D391D28BBDD99009F1861 /* Frameworks */,
			);
			buildRules = (
			);
			dependencies = (
			);
			name = "Breathic WatchKit App";
			packageProductDependencies = (
				FDC878A229A144E400579008 /* CompactSlider */,
				FD877CED29C89A6B007D95F6 /* EFQRCode */,
			);
			productName = "pacemaker WatchKit App";
			productReference = FD2D391528BBDD98009F1861 /* Breathic.app */;
			productType = "com.apple.product-type.application";
		};
/* End PBXNativeTarget section */

/* Begin PBXProject section */
		FD2D390B28BBDD97009F1861 /* Project object */ = {
			isa = PBXProject;
			attributes = {
				BuildIndependentTargetsInParallel = 1;
				LastSwiftUpdateCheck = 1340;
				LastUpgradeCheck = 1430;
				TargetAttributes = {
					FD2D391028BBDD97009F1861 = {
						CreatedOnToolsVersion = 13.4.1;
					};
					FD2D391428BBDD98009F1861 = {
						CreatedOnToolsVersion = 13.4.1;
					};
				};
			};
			buildConfigurationList = FD2D390E28BBDD97009F1861 /* Build configuration list for PBXProject "Breathic" */;
			compatibilityVersion = "Xcode 13.0";
			developmentRegion = en;
			hasScannedForEncodings = 0;
			knownRegions = (
				en,
				Base,
			);
			mainGroup = FD2D390A28BBDD97009F1861;
			packageReferences = (
				FDC878A129A144E400579008 /* XCRemoteSwiftPackageReference "CompactSlider" */,
				FD877CEC29C89A6B007D95F6 /* XCRemoteSwiftPackageReference "EFQRCode" */,
			);
			productRefGroup = FD2D391228BBDD97009F1861 /* Products */;
			projectDirPath = "";
			projectRoot = "";
			targets = (
				FD2D391028BBDD97009F1861 /* Breathic */,
				FD2D391428BBDD98009F1861 /* Breathic WatchKit App */,
			);
		};
/* End PBXProject section */

/* Begin PBXResourcesBuildPhase section */
		FD2D390F28BBDD97009F1861 /* Resources */ = {
			isa = PBXResourcesBuildPhase;
			buildActionMask = 2147483647;
			files = (
			);
			runOnlyForDeploymentPostprocessing = 0;
		};
		FD2D391328BBDD98009F1861 /* Resources */ = {
			isa = PBXResourcesBuildPhase;
			buildActionMask = 2147483647;
			files = (
				FD2D392F28BBDD9A009F1861 /* Preview Assets.xcassets in Resources */,
				FD2D392C28BBDD9A009F1861 /* Assets.xcassets in Resources */,
				FD2D391B28BBDD99009F1861 /* Assets.xcassets in Resources */,
				FDF9A8D829C71B8A00DC24E8 /* data in Resources */,
			);
			runOnlyForDeploymentPostprocessing = 0;
		};
/* End PBXResourcesBuildPhase section */

/* Begin PBXSourcesBuildPhase section */
		FD2D391C28BBDD99009F1861 /* Sources */ = {
			isa = PBXSourcesBuildPhase;
			buildActionMask = 2147483647;
			files = (
				FD2D394A28BBDF7B009F1861 /* Definitions.swift in Sources */,
				FD17240729A23FAA003DAC6E /* Introduction.swift in Sources */,
				FDDA8F8229709DEB00CBDA58 /* DiscardConfirmation.swift in Sources */,
				FDBDAF832920593700F57DC1 /* Toolbar.swift in Sources */,
				FD8A9AB729D5863F00A9A746 /* ActivityPicker.swift in Sources */,
				FDC09FC328F0A58200F42253 /* Library.swift in Sources */,
				FDF1E1D42911BB960059F5D6 /* Step.swift in Sources */,
				FD2D392628BBDD99009F1861 /* Content.swift in Sources */,
				FDF1E1D22911BAEF0059F5D6 /* Location.swift in Sources */,
				FDBDAF6F29204CDD00F57DC1 /* Controller.swift in Sources */,
				FDBDAF7B2920551A00F57DC1 /* Finish.swift in Sources */,
				FD11F27429D21F3C00E213EC /* Guide.swift in Sources */,
				FD11F27229D20A3800E213EC /* Terms.swift in Sources */,
				FDFC2F18291FA4A000E4C8C8 /* Readings.swift in Sources */,
				FDBDAF812920576900F57DC1 /* Drag.swift in Sources */,
				FDBDAF7D2920559200F57DC1 /* DeleteConfirmation.swift in Sources */,
				FDBDAF772920530900F57DC1 /* LogPicker.swift in Sources */,
				FD8A9AB929DAEFD800A9A746 /* Save.swift in Sources */,
				FD8A9AC929DD9C4400A9A746 /* DeviceCheck.swift in Sources */,
				FD3EAA4C2A16174F0048E0A2 /* DurationPicker.swift in Sources */,
				FD8E3EE7290AC4FF0048B2F7 /* Components.swift in Sources */,
				FDC878A529A152B700579008 /* Styles.swift in Sources */,
				FD2D392828BBDD99009F1861 /* App.swift in Sources */,
				FDBDAF7129204D9100F57DC1 /* ViewHelper.swift in Sources */,
				FD2D392A28BBDD99009F1861 /* ComplicationController.swift in Sources */,
				FDF9A8D329C5C63500DC24E8 /* Session.swift in Sources */,
				FD9ABDE229C2588A00C60F25 /* Network.swift in Sources */,
				FD2D395828BBE14E009F1861 /* Player.swift in Sources */,
				FDC2B0F22922B23D006F53C6 /* Overview.swift in Sources */,
				FDBDAF75292051BC00F57DC1 /* Menu.swift in Sources */,
				FDF9A8D629C5C68100DC24E8 /* Audio.swift in Sources */,
				FD2D393F28BBDE4A009F1861 /* Store.swift in Sources */,
				FDF9A8CE29C5330800DC24E8 /* Filesystem.swift in Sources */,
				FDF1E1D62911BC3D0059F5D6 /* Heart.swift in Sources */,
				FDBDAF792920544400F57DC1 /* Rhythm.swift in Sources */,
				FD2D395228BBE012009F1861 /* Extensions.swift in Sources */,
				FDBDAF732920516E00F57DC1 /* Status.swift in Sources */,
				FD2D394C28BBDF9E009F1861 /* Constants.swift in Sources */,
			);
			runOnlyForDeploymentPostprocessing = 0;
		};
/* End PBXSourcesBuildPhase section */

/* Begin PBXTargetDependency section */
		FD2D391828BBDD98009F1861 /* PBXTargetDependency */ = {
			isa = PBXTargetDependency;
			target = FD2D391428BBDD98009F1861 /* Breathic WatchKit App */;
			targetProxy = FD2D391728BBDD98009F1861 /* PBXContainerItemProxy */;
		};
/* End PBXTargetDependency section */

/* Begin XCBuildConfiguration section */
		FD877CEF29C8D97F007D95F6 /* Debug (Development) */ = {
			isa = XCBuildConfiguration;
			baseConfigurationReference = FD877D0229C8DD15007D95F6 /* Development.xcconfig */;
			buildSettings = {
				ALWAYS_SEARCH_USER_PATHS = NO;
				CLANG_ANALYZER_NONNULL = YES;
				CLANG_ANALYZER_NUMBER_OBJECT_CONVERSION = YES_AGGRESSIVE;
				CLANG_CXX_LANGUAGE_STANDARD = "gnu++17";
				CLANG_ENABLE_MODULES = YES;
				CLANG_ENABLE_OBJC_ARC = YES;
				CLANG_ENABLE_OBJC_WEAK = YES;
				CLANG_WARN_BLOCK_CAPTURE_AUTORELEASING = YES;
				CLANG_WARN_BOOL_CONVERSION = YES;
				CLANG_WARN_COMMA = YES;
				CLANG_WARN_CONSTANT_CONVERSION = YES;
				CLANG_WARN_DEPRECATED_OBJC_IMPLEMENTATIONS = YES;
				CLANG_WARN_DIRECT_OBJC_ISA_USAGE = YES_ERROR;
				CLANG_WARN_DOCUMENTATION_COMMENTS = YES;
				CLANG_WARN_EMPTY_BODY = YES;
				CLANG_WARN_ENUM_CONVERSION = YES;
				CLANG_WARN_INFINITE_RECURSION = YES;
				CLANG_WARN_INT_CONVERSION = YES;
				CLANG_WARN_NON_LITERAL_NULL_CONVERSION = YES;
				CLANG_WARN_OBJC_IMPLICIT_RETAIN_SELF = YES;
				CLANG_WARN_OBJC_LITERAL_CONVERSION = YES;
				CLANG_WARN_OBJC_ROOT_CLASS = YES_ERROR;
				CLANG_WARN_QUOTED_INCLUDE_IN_FRAMEWORK_HEADER = YES;
				CLANG_WARN_RANGE_LOOP_ANALYSIS = YES;
				CLANG_WARN_STRICT_PROTOTYPES = YES;
				CLANG_WARN_SUSPICIOUS_MOVE = YES;
				CLANG_WARN_UNGUARDED_AVAILABILITY = YES_AGGRESSIVE;
				CLANG_WARN_UNREACHABLE_CODE = YES;
				CLANG_WARN__DUPLICATE_METHOD_MATCH = YES;
				COPY_PHASE_STRIP = NO;
				DEBUG_INFORMATION_FORMAT = dwarf;
				ENABLE_STRICT_OBJC_MSGSEND = YES;
				ENABLE_TESTABILITY = YES;
				GCC_C_LANGUAGE_STANDARD = gnu11;
				GCC_DYNAMIC_NO_PIC = NO;
				GCC_NO_COMMON_BLOCKS = YES;
				GCC_OPTIMIZATION_LEVEL = 0;
				GCC_PREPROCESSOR_DEFINITIONS = (
					"DEBUG=1",
					"$(inherited)",
				);
				GCC_WARN_64_TO_32_BIT_CONVERSION = YES;
				GCC_WARN_ABOUT_RETURN_TYPE = YES_ERROR;
				GCC_WARN_UNDECLARED_SELECTOR = YES;
				GCC_WARN_UNINITIALIZED_AUTOS = YES_AGGRESSIVE;
				GCC_WARN_UNUSED_FUNCTION = YES;
				GCC_WARN_UNUSED_VARIABLE = YES;
				MTL_ENABLE_DEBUG_INFO = INCLUDE_SOURCE;
				MTL_FAST_MATH = YES;
				ONLY_ACTIVE_ARCH = YES;
				SDKROOT = iphoneos;
				SWIFT_ACTIVE_COMPILATION_CONDITIONS = DEBUG;
				SWIFT_OPTIMIZATION_LEVEL = "-Onone";
				WATCHOS_DEPLOYMENT_TARGET = 9.0;
			};
			name = "Debug (Development)";
		};
		FD877CF029C8D97F007D95F6 /* Debug (Development) */ = {
			isa = XCBuildConfiguration;
			baseConfigurationReference = FD877D0229C8DD15007D95F6 /* Development.xcconfig */;
			buildSettings = {
				CODE_SIGN_STYLE = Automatic;
				CURRENT_PROJECT_VERSION = 1;
				DEVELOPMENT_TEAM = FRDNTT895P;
				MARKETING_VERSION = 1.0;
				PRODUCT_BUNDLE_IDENTIFIER = fringe.breathic;
				PRODUCT_NAME = "$(APP_NAME)";
				SWIFT_VERSION = 5.0;
			};
			name = "Debug (Development)";
		};
		FD877CF129C8D97F007D95F6 /* Debug (Development) */ = {
			isa = XCBuildConfiguration;
			baseConfigurationReference = FD877D0229C8DD15007D95F6 /* Development.xcconfig */;
			buildSettings = {
				ALWAYS_EMBED_SWIFT_STANDARD_LIBRARIES = YES;
				ASSETCATALOG_COMPILER_APPICON_NAME = AppIcon;
				ASSETCATALOG_COMPILER_COMPLICATION_NAME = Complication;
				ASSETCATALOG_COMPILER_GLOBAL_ACCENT_COLOR_NAME = AccentColor;
				CODE_SIGN_ENTITLEMENTS = Extension/ExtensionDebug.entitlements;
				CODE_SIGN_STYLE = Automatic;
				CURRENT_PROJECT_VERSION = 1;
				DEVELOPMENT_TEAM = FRDNTT895P;
				GENERATE_INFOPLIST_FILE = YES;
				INFOPLIST_FILE = "Breathic-WatchKit-App-Info.plist";
				INFOPLIST_KEY_CFBundleDisplayName = "$(APP_NAME)";
				INFOPLIST_KEY_CLKComplicationPrincipalClass = Breathic.ComplicationController;
				INFOPLIST_KEY_LSApplicationCategoryType = "";
				INFOPLIST_KEY_NSHealthShareUsageDescription = "App uses heart rate data in order to determine breathing rate for you";
				INFOPLIST_KEY_NSHealthUpdateUsageDescription = "App uses heart rate data in order to determine breathing rate for you";
				INFOPLIST_KEY_NSHumanReadableCopyright = "";
				INFOPLIST_KEY_NSLocationAlwaysAndWhenInUseUsageDescription = "App uses location derived speed data in order to determine breathing rate for you";
				INFOPLIST_KEY_NSLocationAlwaysUsageDescription = "App uses location derived speed data in order to determine breathing rate for you";
				INFOPLIST_KEY_NSLocationWhenInUseUsageDescription = "App uses location derived speed data in order to determine breathing rate for you";
				INFOPLIST_KEY_NSMotionUsageDescription = "App uses location data in order to determine breathing rate for you";
				INFOPLIST_KEY_UISupportedInterfaceOrientations = "UIInterfaceOrientationPortrait UIInterfaceOrientationPortraitUpsideDown";
				INFOPLIST_KEY_WKWatchOnly = YES;
				LD_RUNPATH_SEARCH_PATHS = (
					"@executable_path/Frameworks",
					"@executable_path/../../Frameworks",
				);
				MARKETING_VERSION = 1.0;
				PRODUCT_BUNDLE_IDENTIFIER = fringe.breathic.development;
				PRODUCT_NAME = "Breathic\n";
				SDKROOT = watchos;
				SKIP_INSTALL = YES;
				SWIFT_EMIT_LOC_STRINGS = YES;
				SWIFT_VERSION = 5.0;
				TARGETED_DEVICE_FAMILY = 4;
				WATCHOS_DEPLOYMENT_TARGET = 9.0;
			};
			name = "Debug (Development)";
		};
		FD877CF229C8D98A007D95F6 /* Debug (Staging) */ = {
			isa = XCBuildConfiguration;
			baseConfigurationReference = FD877D0429C8DD2F007D95F6 /* Staging.xcconfig */;
			buildSettings = {
				ALWAYS_SEARCH_USER_PATHS = NO;
				CLANG_ANALYZER_NONNULL = YES;
				CLANG_ANALYZER_NUMBER_OBJECT_CONVERSION = YES_AGGRESSIVE;
				CLANG_CXX_LANGUAGE_STANDARD = "gnu++17";
				CLANG_ENABLE_MODULES = YES;
				CLANG_ENABLE_OBJC_ARC = YES;
				CLANG_ENABLE_OBJC_WEAK = YES;
				CLANG_WARN_BLOCK_CAPTURE_AUTORELEASING = YES;
				CLANG_WARN_BOOL_CONVERSION = YES;
				CLANG_WARN_COMMA = YES;
				CLANG_WARN_CONSTANT_CONVERSION = YES;
				CLANG_WARN_DEPRECATED_OBJC_IMPLEMENTATIONS = YES;
				CLANG_WARN_DIRECT_OBJC_ISA_USAGE = YES_ERROR;
				CLANG_WARN_DOCUMENTATION_COMMENTS = YES;
				CLANG_WARN_EMPTY_BODY = YES;
				CLANG_WARN_ENUM_CONVERSION = YES;
				CLANG_WARN_INFINITE_RECURSION = YES;
				CLANG_WARN_INT_CONVERSION = YES;
				CLANG_WARN_NON_LITERAL_NULL_CONVERSION = YES;
				CLANG_WARN_OBJC_IMPLICIT_RETAIN_SELF = YES;
				CLANG_WARN_OBJC_LITERAL_CONVERSION = YES;
				CLANG_WARN_OBJC_ROOT_CLASS = YES_ERROR;
				CLANG_WARN_QUOTED_INCLUDE_IN_FRAMEWORK_HEADER = YES;
				CLANG_WARN_RANGE_LOOP_ANALYSIS = YES;
				CLANG_WARN_STRICT_PROTOTYPES = YES;
				CLANG_WARN_SUSPICIOUS_MOVE = YES;
				CLANG_WARN_UNGUARDED_AVAILABILITY = YES_AGGRESSIVE;
				CLANG_WARN_UNREACHABLE_CODE = YES;
				CLANG_WARN__DUPLICATE_METHOD_MATCH = YES;
				COPY_PHASE_STRIP = NO;
				DEBUG_INFORMATION_FORMAT = dwarf;
				ENABLE_STRICT_OBJC_MSGSEND = YES;
				ENABLE_TESTABILITY = YES;
				GCC_C_LANGUAGE_STANDARD = gnu11;
				GCC_DYNAMIC_NO_PIC = NO;
				GCC_NO_COMMON_BLOCKS = YES;
				GCC_OPTIMIZATION_LEVEL = 0;
				GCC_PREPROCESSOR_DEFINITIONS = (
					"DEBUG=1",
					"$(inherited)",
				);
				GCC_WARN_64_TO_32_BIT_CONVERSION = YES;
				GCC_WARN_ABOUT_RETURN_TYPE = YES_ERROR;
				GCC_WARN_UNDECLARED_SELECTOR = YES;
				GCC_WARN_UNINITIALIZED_AUTOS = YES_AGGRESSIVE;
				GCC_WARN_UNUSED_FUNCTION = YES;
				GCC_WARN_UNUSED_VARIABLE = YES;
				MTL_ENABLE_DEBUG_INFO = INCLUDE_SOURCE;
				MTL_FAST_MATH = YES;
				ONLY_ACTIVE_ARCH = YES;
				SDKROOT = iphoneos;
				SWIFT_ACTIVE_COMPILATION_CONDITIONS = DEBUG;
				SWIFT_OPTIMIZATION_LEVEL = "-Onone";
				WATCHOS_DEPLOYMENT_TARGET = 9.0;
			};
			name = "Debug (Staging)";
		};
		FD877CF329C8D98A007D95F6 /* Debug (Staging) */ = {
			isa = XCBuildConfiguration;
			baseConfigurationReference = FD877D0429C8DD2F007D95F6 /* Staging.xcconfig */;
			buildSettings = {
				CODE_SIGN_STYLE = Automatic;
				CURRENT_PROJECT_VERSION = 1;
				DEVELOPMENT_TEAM = FRDNTT895P;
				MARKETING_VERSION = 1.0;
				PRODUCT_BUNDLE_IDENTIFIER = fringe.breathic;
				PRODUCT_NAME = "$(APP_NAME)";
				SWIFT_VERSION = 5.0;
			};
			name = "Debug (Staging)";
		};
		FD877CF429C8D98A007D95F6 /* Debug (Staging) */ = {
			isa = XCBuildConfiguration;
			baseConfigurationReference = FD877D0429C8DD2F007D95F6 /* Staging.xcconfig */;
			buildSettings = {
				ALWAYS_EMBED_SWIFT_STANDARD_LIBRARIES = YES;
				ASSETCATALOG_COMPILER_APPICON_NAME = AppIcon;
				ASSETCATALOG_COMPILER_COMPLICATION_NAME = Complication;
				ASSETCATALOG_COMPILER_GLOBAL_ACCENT_COLOR_NAME = AccentColor;
				CODE_SIGN_ENTITLEMENTS = Extension/ExtensionDebug.entitlements;
				CODE_SIGN_STYLE = Automatic;
				CURRENT_PROJECT_VERSION = 1;
				DEVELOPMENT_TEAM = FRDNTT895P;
				GENERATE_INFOPLIST_FILE = YES;
				INFOPLIST_FILE = "Breathic-WatchKit-App-Info.plist";
				INFOPLIST_KEY_CFBundleDisplayName = "$(APP_NAME)";
				INFOPLIST_KEY_CLKComplicationPrincipalClass = Breathic.ComplicationController;
				INFOPLIST_KEY_LSApplicationCategoryType = "";
				INFOPLIST_KEY_NSHealthShareUsageDescription = "App uses heart rate data in order to determine breathing rate for you";
				INFOPLIST_KEY_NSHealthUpdateUsageDescription = "App uses heart rate data in order to determine breathing rate for you";
				INFOPLIST_KEY_NSHumanReadableCopyright = "";
				INFOPLIST_KEY_NSLocationAlwaysAndWhenInUseUsageDescription = "App uses location derived speed data in order to determine breathing rate for you";
				INFOPLIST_KEY_NSLocationAlwaysUsageDescription = "App uses location derived speed data in order to determine breathing rate for you";
				INFOPLIST_KEY_NSLocationWhenInUseUsageDescription = "App uses location derived speed data in order to determine breathing rate for you";
				INFOPLIST_KEY_NSMotionUsageDescription = "App uses location data in order to determine breathing rate for you";
				INFOPLIST_KEY_UISupportedInterfaceOrientations = "UIInterfaceOrientationPortrait UIInterfaceOrientationPortraitUpsideDown";
				INFOPLIST_KEY_WKWatchOnly = YES;
				LD_RUNPATH_SEARCH_PATHS = (
					"@executable_path/Frameworks",
					"@executable_path/../../Frameworks",
				);
				MARKETING_VERSION = 1.0;
				PRODUCT_BUNDLE_IDENTIFIER = fringe.breathic.staging;
				PRODUCT_NAME = Breathic;
				SDKROOT = watchos;
				SKIP_INSTALL = YES;
				SWIFT_EMIT_LOC_STRINGS = YES;
				SWIFT_VERSION = 5.0;
				TARGETED_DEVICE_FAMILY = 4;
				WATCHOS_DEPLOYMENT_TARGET = 9.0;
			};
			name = "Debug (Staging)";
		};
		FD877CF529C8D993007D95F6 /* Debug (Production) */ = {
			isa = XCBuildConfiguration;
			baseConfigurationReference = FD877D0529C8DD3F007D95F6 /* Production.xcconfig */;
			buildSettings = {
				ALWAYS_SEARCH_USER_PATHS = NO;
				CLANG_ANALYZER_NONNULL = YES;
				CLANG_ANALYZER_NUMBER_OBJECT_CONVERSION = YES_AGGRESSIVE;
				CLANG_CXX_LANGUAGE_STANDARD = "gnu++17";
				CLANG_ENABLE_MODULES = YES;
				CLANG_ENABLE_OBJC_ARC = YES;
				CLANG_ENABLE_OBJC_WEAK = YES;
				CLANG_WARN_BLOCK_CAPTURE_AUTORELEASING = YES;
				CLANG_WARN_BOOL_CONVERSION = YES;
				CLANG_WARN_COMMA = YES;
				CLANG_WARN_CONSTANT_CONVERSION = YES;
				CLANG_WARN_DEPRECATED_OBJC_IMPLEMENTATIONS = YES;
				CLANG_WARN_DIRECT_OBJC_ISA_USAGE = YES_ERROR;
				CLANG_WARN_DOCUMENTATION_COMMENTS = YES;
				CLANG_WARN_EMPTY_BODY = YES;
				CLANG_WARN_ENUM_CONVERSION = YES;
				CLANG_WARN_INFINITE_RECURSION = YES;
				CLANG_WARN_INT_CONVERSION = YES;
				CLANG_WARN_NON_LITERAL_NULL_CONVERSION = YES;
				CLANG_WARN_OBJC_IMPLICIT_RETAIN_SELF = YES;
				CLANG_WARN_OBJC_LITERAL_CONVERSION = YES;
				CLANG_WARN_OBJC_ROOT_CLASS = YES_ERROR;
				CLANG_WARN_QUOTED_INCLUDE_IN_FRAMEWORK_HEADER = YES;
				CLANG_WARN_RANGE_LOOP_ANALYSIS = YES;
				CLANG_WARN_STRICT_PROTOTYPES = YES;
				CLANG_WARN_SUSPICIOUS_MOVE = YES;
				CLANG_WARN_UNGUARDED_AVAILABILITY = YES_AGGRESSIVE;
				CLANG_WARN_UNREACHABLE_CODE = YES;
				CLANG_WARN__DUPLICATE_METHOD_MATCH = YES;
				COPY_PHASE_STRIP = NO;
				DEBUG_INFORMATION_FORMAT = dwarf;
				ENABLE_STRICT_OBJC_MSGSEND = YES;
				ENABLE_TESTABILITY = YES;
				GCC_C_LANGUAGE_STANDARD = gnu11;
				GCC_DYNAMIC_NO_PIC = NO;
				GCC_NO_COMMON_BLOCKS = YES;
				GCC_OPTIMIZATION_LEVEL = 0;
				GCC_PREPROCESSOR_DEFINITIONS = (
					"DEBUG=1",
					"$(inherited)",
				);
				GCC_WARN_64_TO_32_BIT_CONVERSION = YES;
				GCC_WARN_ABOUT_RETURN_TYPE = YES_ERROR;
				GCC_WARN_UNDECLARED_SELECTOR = YES;
				GCC_WARN_UNINITIALIZED_AUTOS = YES_AGGRESSIVE;
				GCC_WARN_UNUSED_FUNCTION = YES;
				GCC_WARN_UNUSED_VARIABLE = YES;
				MTL_ENABLE_DEBUG_INFO = INCLUDE_SOURCE;
				MTL_FAST_MATH = YES;
				ONLY_ACTIVE_ARCH = YES;
				SDKROOT = iphoneos;
				SWIFT_ACTIVE_COMPILATION_CONDITIONS = DEBUG;
				SWIFT_OPTIMIZATION_LEVEL = "-Onone";
				WATCHOS_DEPLOYMENT_TARGET = 9.0;
			};
			name = "Debug (Production)";
		};
		FD877CF629C8D993007D95F6 /* Debug (Production) */ = {
			isa = XCBuildConfiguration;
			baseConfigurationReference = FD877D0529C8DD3F007D95F6 /* Production.xcconfig */;
			buildSettings = {
				CODE_SIGN_STYLE = Automatic;
				CURRENT_PROJECT_VERSION = 1;
				DEVELOPMENT_TEAM = FRDNTT895P;
				MARKETING_VERSION = 1.0;
				PRODUCT_BUNDLE_IDENTIFIER = fringe.breathic;
				PRODUCT_NAME = "$(APP_NAME)";
				SWIFT_VERSION = 5.0;
			};
			name = "Debug (Production)";
		};
		FD877CF729C8D993007D95F6 /* Debug (Production) */ = {
			isa = XCBuildConfiguration;
			baseConfigurationReference = FD877D0529C8DD3F007D95F6 /* Production.xcconfig */;
			buildSettings = {
				ALWAYS_EMBED_SWIFT_STANDARD_LIBRARIES = YES;
				ASSETCATALOG_COMPILER_APPICON_NAME = AppIcon;
				ASSETCATALOG_COMPILER_COMPLICATION_NAME = Complication;
				ASSETCATALOG_COMPILER_GLOBAL_ACCENT_COLOR_NAME = AccentColor;
				CODE_SIGN_ENTITLEMENTS = Extension/ExtensionDebug.entitlements;
				CODE_SIGN_STYLE = Automatic;
				CURRENT_PROJECT_VERSION = 1;
				DEVELOPMENT_TEAM = FRDNTT895P;
				GENERATE_INFOPLIST_FILE = YES;
				INFOPLIST_FILE = "Breathic-WatchKit-App-Info.plist";
				INFOPLIST_KEY_CFBundleDisplayName = "$(APP_NAME)";
				INFOPLIST_KEY_CLKComplicationPrincipalClass = Breathic.ComplicationController;
				INFOPLIST_KEY_LSApplicationCategoryType = "";
				INFOPLIST_KEY_NSHealthShareUsageDescription = "App uses heart rate data in order to determine breathing rate for you";
				INFOPLIST_KEY_NSHealthUpdateUsageDescription = "App uses heart rate data in order to determine breathing rate for you";
				INFOPLIST_KEY_NSHumanReadableCopyright = "";
				INFOPLIST_KEY_NSLocationAlwaysAndWhenInUseUsageDescription = "App uses location derived speed data in order to determine breathing rate for you";
				INFOPLIST_KEY_NSLocationAlwaysUsageDescription = "App uses location derived speed data in order to determine breathing rate for you";
				INFOPLIST_KEY_NSLocationWhenInUseUsageDescription = "App uses location derived speed data in order to determine breathing rate for you";
				INFOPLIST_KEY_NSMotionUsageDescription = "App uses location data in order to determine breathing rate for you";
				INFOPLIST_KEY_UISupportedInterfaceOrientations = "UIInterfaceOrientationPortrait UIInterfaceOrientationPortraitUpsideDown";
				INFOPLIST_KEY_WKWatchOnly = YES;
				LD_RUNPATH_SEARCH_PATHS = (
					"@executable_path/Frameworks",
					"@executable_path/../../Frameworks",
				);
				MARKETING_VERSION = 1.0;
				PRODUCT_BUNDLE_IDENTIFIER = fringe.breathic.production;
				PRODUCT_NAME = Breathic;
				SDKROOT = watchos;
				SKIP_INSTALL = YES;
				SWIFT_EMIT_LOC_STRINGS = YES;
				SWIFT_VERSION = 5.0;
				TARGETED_DEVICE_FAMILY = 4;
				WATCHOS_DEPLOYMENT_TARGET = 9.0;
			};
			name = "Debug (Production)";
		};
		FD877CF829C8D99C007D95F6 /* Release (Development) */ = {
			isa = XCBuildConfiguration;
			baseConfigurationReference = FD877D0229C8DD15007D95F6 /* Development.xcconfig */;
			buildSettings = {
				ALWAYS_SEARCH_USER_PATHS = NO;
				CLANG_ANALYZER_NONNULL = YES;
				CLANG_ANALYZER_NUMBER_OBJECT_CONVERSION = YES_AGGRESSIVE;
				CLANG_CXX_LANGUAGE_STANDARD = "gnu++17";
				CLANG_ENABLE_MODULES = YES;
				CLANG_ENABLE_OBJC_ARC = YES;
				CLANG_ENABLE_OBJC_WEAK = YES;
				CLANG_WARN_BLOCK_CAPTURE_AUTORELEASING = YES;
				CLANG_WARN_BOOL_CONVERSION = YES;
				CLANG_WARN_COMMA = YES;
				CLANG_WARN_CONSTANT_CONVERSION = YES;
				CLANG_WARN_DEPRECATED_OBJC_IMPLEMENTATIONS = YES;
				CLANG_WARN_DIRECT_OBJC_ISA_USAGE = YES_ERROR;
				CLANG_WARN_DOCUMENTATION_COMMENTS = YES;
				CLANG_WARN_EMPTY_BODY = YES;
				CLANG_WARN_ENUM_CONVERSION = YES;
				CLANG_WARN_INFINITE_RECURSION = YES;
				CLANG_WARN_INT_CONVERSION = YES;
				CLANG_WARN_NON_LITERAL_NULL_CONVERSION = YES;
				CLANG_WARN_OBJC_IMPLICIT_RETAIN_SELF = YES;
				CLANG_WARN_OBJC_LITERAL_CONVERSION = YES;
				CLANG_WARN_OBJC_ROOT_CLASS = YES_ERROR;
				CLANG_WARN_QUOTED_INCLUDE_IN_FRAMEWORK_HEADER = YES;
				CLANG_WARN_RANGE_LOOP_ANALYSIS = YES;
				CLANG_WARN_STRICT_PROTOTYPES = YES;
				CLANG_WARN_SUSPICIOUS_MOVE = YES;
				CLANG_WARN_UNGUARDED_AVAILABILITY = YES_AGGRESSIVE;
				CLANG_WARN_UNREACHABLE_CODE = YES;
				CLANG_WARN__DUPLICATE_METHOD_MATCH = YES;
				COPY_PHASE_STRIP = NO;
				DEBUG_INFORMATION_FORMAT = "dwarf-with-dsym";
				ENABLE_NS_ASSERTIONS = NO;
				ENABLE_STRICT_OBJC_MSGSEND = YES;
				ENABLE_TESTABILITY = YES;
				GCC_C_LANGUAGE_STANDARD = gnu11;
				GCC_NO_COMMON_BLOCKS = YES;
				GCC_WARN_64_TO_32_BIT_CONVERSION = YES;
				GCC_WARN_ABOUT_RETURN_TYPE = YES_ERROR;
				GCC_WARN_UNDECLARED_SELECTOR = YES;
				GCC_WARN_UNINITIALIZED_AUTOS = YES_AGGRESSIVE;
				GCC_WARN_UNUSED_FUNCTION = YES;
				GCC_WARN_UNUSED_VARIABLE = YES;
				MTL_ENABLE_DEBUG_INFO = NO;
				MTL_FAST_MATH = YES;
				ONLY_ACTIVE_ARCH = YES;
				SDKROOT = iphoneos;
				SWIFT_COMPILATION_MODE = wholemodule;
				SWIFT_OPTIMIZATION_LEVEL = "-O";
				VALIDATE_PRODUCT = YES;
				WATCHOS_DEPLOYMENT_TARGET = 9.0;
			};
			name = "Release (Development)";
		};
		FD877CF929C8D99C007D95F6 /* Release (Development) */ = {
			isa = XCBuildConfiguration;
			baseConfigurationReference = FD877D0229C8DD15007D95F6 /* Development.xcconfig */;
			buildSettings = {
				CODE_SIGN_STYLE = Automatic;
				CURRENT_PROJECT_VERSION = 1;
				DEVELOPMENT_TEAM = FRDNTT895P;
				MARKETING_VERSION = 1.0;
				PRODUCT_BUNDLE_IDENTIFIER = fringe.breathic;
				PRODUCT_NAME = "$(APP_NAME)";
				SWIFT_VERSION = 5.0;
			};
			name = "Release (Development)";
		};
		FD877CFA29C8D99C007D95F6 /* Release (Development) */ = {
			isa = XCBuildConfiguration;
			baseConfigurationReference = FD877D0229C8DD15007D95F6 /* Development.xcconfig */;
			buildSettings = {
				ALWAYS_EMBED_SWIFT_STANDARD_LIBRARIES = YES;
				ASSETCATALOG_COMPILER_APPICON_NAME = AppIcon;
				ASSETCATALOG_COMPILER_COMPLICATION_NAME = Complication;
				ASSETCATALOG_COMPILER_GLOBAL_ACCENT_COLOR_NAME = AccentColor;
				CODE_SIGN_ENTITLEMENTS = Extension/ExtensionDebug.entitlements;
				CODE_SIGN_STYLE = Automatic;
				CURRENT_PROJECT_VERSION = 1;
				DEVELOPMENT_TEAM = FRDNTT895P;
				GENERATE_INFOPLIST_FILE = YES;
				INFOPLIST_FILE = "Breathic-WatchKit-App-Info.plist";
				INFOPLIST_KEY_CFBundleDisplayName = "$(APP_NAME)";
				INFOPLIST_KEY_CLKComplicationPrincipalClass = Breathic.ComplicationController;
				INFOPLIST_KEY_LSApplicationCategoryType = "";
				INFOPLIST_KEY_NSHealthShareUsageDescription = "App uses heart rate data in order to determine breathing rate for you";
				INFOPLIST_KEY_NSHealthUpdateUsageDescription = "App uses heart rate data in order to determine breathing rate for you";
				INFOPLIST_KEY_NSHumanReadableCopyright = "";
				INFOPLIST_KEY_NSLocationAlwaysAndWhenInUseUsageDescription = "App uses location derived speed data in order to determine breathing rate for you";
				INFOPLIST_KEY_NSLocationAlwaysUsageDescription = "App uses location derived speed data in order to determine breathing rate for you";
				INFOPLIST_KEY_NSLocationWhenInUseUsageDescription = "App uses location derived speed data in order to determine breathing rate for you";
				INFOPLIST_KEY_NSMotionUsageDescription = "App uses location data in order to determine breathing rate for you";
				INFOPLIST_KEY_UISupportedInterfaceOrientations = "UIInterfaceOrientationPortrait UIInterfaceOrientationPortraitUpsideDown";
				INFOPLIST_KEY_WKWatchOnly = YES;
				LD_RUNPATH_SEARCH_PATHS = (
					"@executable_path/Frameworks",
					"@executable_path/../../Frameworks",
				);
				MARKETING_VERSION = 1.0;
				PRODUCT_BUNDLE_IDENTIFIER = fringe.breathic.development;
				PRODUCT_NAME = Breathic;
				SDKROOT = watchos;
				SKIP_INSTALL = YES;
				SWIFT_EMIT_LOC_STRINGS = YES;
				SWIFT_VERSION = 5.0;
				TARGETED_DEVICE_FAMILY = 4;
				WATCHOS_DEPLOYMENT_TARGET = 9.0;
			};
			name = "Release (Development)";
		};
		FD877CFB29C8D9A5007D95F6 /* Release (Staging) */ = {
			isa = XCBuildConfiguration;
			baseConfigurationReference = FD877D0429C8DD2F007D95F6 /* Staging.xcconfig */;
			buildSettings = {
				ALWAYS_SEARCH_USER_PATHS = NO;
				CLANG_ANALYZER_NONNULL = YES;
				CLANG_ANALYZER_NUMBER_OBJECT_CONVERSION = YES_AGGRESSIVE;
				CLANG_CXX_LANGUAGE_STANDARD = "gnu++17";
				CLANG_ENABLE_MODULES = YES;
				CLANG_ENABLE_OBJC_ARC = YES;
				CLANG_ENABLE_OBJC_WEAK = YES;
				CLANG_WARN_BLOCK_CAPTURE_AUTORELEASING = YES;
				CLANG_WARN_BOOL_CONVERSION = YES;
				CLANG_WARN_COMMA = YES;
				CLANG_WARN_CONSTANT_CONVERSION = YES;
				CLANG_WARN_DEPRECATED_OBJC_IMPLEMENTATIONS = YES;
				CLANG_WARN_DIRECT_OBJC_ISA_USAGE = YES_ERROR;
				CLANG_WARN_DOCUMENTATION_COMMENTS = YES;
				CLANG_WARN_EMPTY_BODY = YES;
				CLANG_WARN_ENUM_CONVERSION = YES;
				CLANG_WARN_INFINITE_RECURSION = YES;
				CLANG_WARN_INT_CONVERSION = YES;
				CLANG_WARN_NON_LITERAL_NULL_CONVERSION = YES;
				CLANG_WARN_OBJC_IMPLICIT_RETAIN_SELF = YES;
				CLANG_WARN_OBJC_LITERAL_CONVERSION = YES;
				CLANG_WARN_OBJC_ROOT_CLASS = YES_ERROR;
				CLANG_WARN_QUOTED_INCLUDE_IN_FRAMEWORK_HEADER = YES;
				CLANG_WARN_RANGE_LOOP_ANALYSIS = YES;
				CLANG_WARN_STRICT_PROTOTYPES = YES;
				CLANG_WARN_SUSPICIOUS_MOVE = YES;
				CLANG_WARN_UNGUARDED_AVAILABILITY = YES_AGGRESSIVE;
				CLANG_WARN_UNREACHABLE_CODE = YES;
				CLANG_WARN__DUPLICATE_METHOD_MATCH = YES;
				COPY_PHASE_STRIP = NO;
				DEBUG_INFORMATION_FORMAT = "dwarf-with-dsym";
				ENABLE_NS_ASSERTIONS = NO;
				ENABLE_STRICT_OBJC_MSGSEND = YES;
				GCC_C_LANGUAGE_STANDARD = gnu11;
				GCC_NO_COMMON_BLOCKS = YES;
				GCC_WARN_64_TO_32_BIT_CONVERSION = YES;
				GCC_WARN_ABOUT_RETURN_TYPE = YES_ERROR;
				GCC_WARN_UNDECLARED_SELECTOR = YES;
				GCC_WARN_UNINITIALIZED_AUTOS = YES_AGGRESSIVE;
				GCC_WARN_UNUSED_FUNCTION = YES;
				GCC_WARN_UNUSED_VARIABLE = YES;
				MTL_ENABLE_DEBUG_INFO = NO;
				MTL_FAST_MATH = YES;
				SDKROOT = iphoneos;
				SWIFT_COMPILATION_MODE = wholemodule;
				SWIFT_OPTIMIZATION_LEVEL = "-O";
				VALIDATE_PRODUCT = YES;
				WATCHOS_DEPLOYMENT_TARGET = 9.0;
			};
			name = "Release (Staging)";
		};
		FD877CFC29C8D9A5007D95F6 /* Release (Staging) */ = {
			isa = XCBuildConfiguration;
			baseConfigurationReference = FD877D0429C8DD2F007D95F6 /* Staging.xcconfig */;
			buildSettings = {
				CODE_SIGN_IDENTITY = "Apple Development";
				CODE_SIGN_STYLE = Automatic;
				CURRENT_PROJECT_VERSION = 1;
				DEVELOPMENT_TEAM = FRDNTT895P;
				MARKETING_VERSION = 1.0;
				PRODUCT_BUNDLE_IDENTIFIER = fringe.breathic;
				PRODUCT_NAME = "$(APP_NAME)";
				PROVISIONING_PROFILE_SPECIFIER = "";
				SWIFT_VERSION = 5.0;
			};
			name = "Release (Staging)";
		};
		FD877CFD29C8D9A5007D95F6 /* Release (Staging) */ = {
			isa = XCBuildConfiguration;
			baseConfigurationReference = FD877D0429C8DD2F007D95F6 /* Staging.xcconfig */;
			buildSettings = {
				ALWAYS_EMBED_SWIFT_STANDARD_LIBRARIES = YES;
				ASSETCATALOG_COMPILER_APPICON_NAME = AppIcon;
				ASSETCATALOG_COMPILER_COMPLICATION_NAME = Complication;
				ASSETCATALOG_COMPILER_GLOBAL_ACCENT_COLOR_NAME = AccentColor;
				CODE_SIGN_ENTITLEMENTS = Extension/ExtensionDebug.entitlements;
				CODE_SIGN_STYLE = Automatic;
				CURRENT_PROJECT_VERSION = 1;
				DEVELOPMENT_TEAM = FRDNTT895P;
				GENERATE_INFOPLIST_FILE = YES;
				INFOPLIST_FILE = "Breathic-WatchKit-App-Info.plist";
				INFOPLIST_KEY_CFBundleDisplayName = "$(APP_NAME)";
				INFOPLIST_KEY_CLKComplicationPrincipalClass = Breathic.ComplicationController;
				INFOPLIST_KEY_LSApplicationCategoryType = "";
				INFOPLIST_KEY_NSHealthShareUsageDescription = "App uses heart rate data in order to determine breathing rate for you";
				INFOPLIST_KEY_NSHealthUpdateUsageDescription = "App uses heart rate data in order to determine breathing rate for you";
				INFOPLIST_KEY_NSHumanReadableCopyright = "";
				INFOPLIST_KEY_NSLocationAlwaysAndWhenInUseUsageDescription = "App uses location derived speed data in order to determine breathing rate for you";
				INFOPLIST_KEY_NSLocationAlwaysUsageDescription = "App uses location derived speed data in order to determine breathing rate for you";
				INFOPLIST_KEY_NSLocationWhenInUseUsageDescription = "App uses location derived speed data in order to determine breathing rate for you";
				INFOPLIST_KEY_NSMotionUsageDescription = "App uses location data in order to determine breathing rate for you";
				INFOPLIST_KEY_UISupportedInterfaceOrientations = "UIInterfaceOrientationPortrait UIInterfaceOrientationPortraitUpsideDown";
				INFOPLIST_KEY_WKWatchOnly = YES;
				LD_RUNPATH_SEARCH_PATHS = (
					"@executable_path/Frameworks",
					"@executable_path/../../Frameworks",
				);
				MARKETING_VERSION = 1.0;
				PRODUCT_BUNDLE_IDENTIFIER = fringe.breathic.staging;
				PRODUCT_NAME = Breathic;
				SDKROOT = watchos;
				SKIP_INSTALL = YES;
				SWIFT_EMIT_LOC_STRINGS = YES;
				SWIFT_VERSION = 5.0;
				TARGETED_DEVICE_FAMILY = 4;
				WATCHOS_DEPLOYMENT_TARGET = 9.0;
			};
			name = "Release (Staging)";
		};
		FD877CFE29C8D9AF007D95F6 /* Release (Production) */ = {
			isa = XCBuildConfiguration;
			baseConfigurationReference = FD877D0529C8DD3F007D95F6 /* Production.xcconfig */;
			buildSettings = {
				ALWAYS_SEARCH_USER_PATHS = NO;
				CLANG_ANALYZER_NONNULL = YES;
				CLANG_ANALYZER_NUMBER_OBJECT_CONVERSION = YES_AGGRESSIVE;
				CLANG_CXX_LANGUAGE_STANDARD = "gnu++17";
				CLANG_ENABLE_MODULES = YES;
				CLANG_ENABLE_OBJC_ARC = YES;
				CLANG_ENABLE_OBJC_WEAK = YES;
				CLANG_WARN_BLOCK_CAPTURE_AUTORELEASING = YES;
				CLANG_WARN_BOOL_CONVERSION = YES;
				CLANG_WARN_COMMA = YES;
				CLANG_WARN_CONSTANT_CONVERSION = YES;
				CLANG_WARN_DEPRECATED_OBJC_IMPLEMENTATIONS = YES;
				CLANG_WARN_DIRECT_OBJC_ISA_USAGE = YES_ERROR;
				CLANG_WARN_DOCUMENTATION_COMMENTS = YES;
				CLANG_WARN_EMPTY_BODY = YES;
				CLANG_WARN_ENUM_CONVERSION = YES;
				CLANG_WARN_INFINITE_RECURSION = YES;
				CLANG_WARN_INT_CONVERSION = YES;
				CLANG_WARN_NON_LITERAL_NULL_CONVERSION = YES;
				CLANG_WARN_OBJC_IMPLICIT_RETAIN_SELF = YES;
				CLANG_WARN_OBJC_LITERAL_CONVERSION = YES;
				CLANG_WARN_OBJC_ROOT_CLASS = YES_ERROR;
				CLANG_WARN_QUOTED_INCLUDE_IN_FRAMEWORK_HEADER = YES;
				CLANG_WARN_RANGE_LOOP_ANALYSIS = YES;
				CLANG_WARN_STRICT_PROTOTYPES = YES;
				CLANG_WARN_SUSPICIOUS_MOVE = YES;
				CLANG_WARN_UNGUARDED_AVAILABILITY = YES_AGGRESSIVE;
				CLANG_WARN_UNREACHABLE_CODE = YES;
				CLANG_WARN__DUPLICATE_METHOD_MATCH = YES;
				COPY_PHASE_STRIP = NO;
				DEBUG_INFORMATION_FORMAT = "dwarf-with-dsym";
				ENABLE_NS_ASSERTIONS = NO;
				ENABLE_STRICT_OBJC_MSGSEND = YES;
				GCC_C_LANGUAGE_STANDARD = gnu11;
				GCC_NO_COMMON_BLOCKS = YES;
				GCC_WARN_64_TO_32_BIT_CONVERSION = YES;
				GCC_WARN_ABOUT_RETURN_TYPE = YES_ERROR;
				GCC_WARN_UNDECLARED_SELECTOR = YES;
				GCC_WARN_UNINITIALIZED_AUTOS = YES_AGGRESSIVE;
				GCC_WARN_UNUSED_FUNCTION = YES;
				GCC_WARN_UNUSED_VARIABLE = YES;
				MTL_ENABLE_DEBUG_INFO = NO;
				MTL_FAST_MATH = YES;
				SDKROOT = iphoneos;
				SWIFT_COMPILATION_MODE = wholemodule;
				SWIFT_OPTIMIZATION_LEVEL = "-O";
				VALIDATE_PRODUCT = YES;
				WATCHOS_DEPLOYMENT_TARGET = 9.0;
			};
			name = "Release (Production)";
		};
		FD877CFF29C8D9AF007D95F6 /* Release (Production) */ = {
			isa = XCBuildConfiguration;
			baseConfigurationReference = FD877D0529C8DD3F007D95F6 /* Production.xcconfig */;
			buildSettings = {
				CODE_SIGN_STYLE = Automatic;
				CURRENT_PROJECT_VERSION = 1;
				DEVELOPMENT_TEAM = FRDNTT895P;
				MARKETING_VERSION = 1.0;
				PRODUCT_BUNDLE_IDENTIFIER = fringe.breathic;
				PRODUCT_NAME = "$(APP_NAME)";
				SWIFT_VERSION = 5.0;
			};
			name = "Release (Production)";
		};
		FD877D0029C8D9AF007D95F6 /* Release (Production) */ = {
			isa = XCBuildConfiguration;
			baseConfigurationReference = FD877D0529C8DD3F007D95F6 /* Production.xcconfig */;
			buildSettings = {
				ALWAYS_EMBED_SWIFT_STANDARD_LIBRARIES = YES;
				ASSETCATALOG_COMPILER_APPICON_NAME = AppIcon;
				ASSETCATALOG_COMPILER_COMPLICATION_NAME = Complication;
				ASSETCATALOG_COMPILER_GLOBAL_ACCENT_COLOR_NAME = AccentColor;
				CODE_SIGN_ENTITLEMENTS = Extension/ExtensionDebug.entitlements;
				CODE_SIGN_STYLE = Automatic;
				CURRENT_PROJECT_VERSION = 1;
				DEVELOPMENT_TEAM = FRDNTT895P;
				GENERATE_INFOPLIST_FILE = YES;
				INFOPLIST_FILE = "Breathic-WatchKit-App-Info.plist";
				INFOPLIST_KEY_CFBundleDisplayName = "$(APP_NAME)";
				INFOPLIST_KEY_CLKComplicationPrincipalClass = Breathic.ComplicationController;
				INFOPLIST_KEY_LSApplicationCategoryType = "";
				INFOPLIST_KEY_NSHealthShareUsageDescription = "App uses heart rate data in order to determine breathing rate for you";
				INFOPLIST_KEY_NSHealthUpdateUsageDescription = "App uses heart rate data in order to determine breathing rate for you";
				INFOPLIST_KEY_NSHumanReadableCopyright = "";
				INFOPLIST_KEY_NSLocationAlwaysAndWhenInUseUsageDescription = "App uses location derived speed data in order to determine breathing rate for you";
				INFOPLIST_KEY_NSLocationAlwaysUsageDescription = "App uses location derived speed data in order to determine breathing rate for you";
				INFOPLIST_KEY_NSLocationWhenInUseUsageDescription = "App uses location derived speed data in order to determine breathing rate for you";
				INFOPLIST_KEY_NSMotionUsageDescription = "App uses location data in order to determine breathing rate for you";
				INFOPLIST_KEY_UISupportedInterfaceOrientations = "UIInterfaceOrientationPortrait UIInterfaceOrientationPortraitUpsideDown";
				INFOPLIST_KEY_WKWatchOnly = YES;
				LD_RUNPATH_SEARCH_PATHS = (
					"@executable_path/Frameworks",
					"@executable_path/../../Frameworks",
				);
				MARKETING_VERSION = 1.0;
				PRODUCT_BUNDLE_IDENTIFIER = fringe.breathic.production;
				PRODUCT_NAME = Breathic;
				SDKROOT = watchos;
				SKIP_INSTALL = YES;
				SWIFT_EMIT_LOC_STRINGS = YES;
				SWIFT_VERSION = 5.0;
				TARGETED_DEVICE_FAMILY = 4;
				WATCHOS_DEPLOYMENT_TARGET = 9.0;
			};
			name = "Release (Production)";
		};
/* End XCBuildConfiguration section */

/* Begin XCConfigurationList section */
		FD2D390E28BBDD97009F1861 /* Build configuration list for PBXProject "Breathic" */ = {
			isa = XCConfigurationList;
			buildConfigurations = (
				FD877CF529C8D993007D95F6 /* Debug (Production) */,
				FD877CF229C8D98A007D95F6 /* Debug (Staging) */,
				FD877CEF29C8D97F007D95F6 /* Debug (Development) */,
				FD877CFE29C8D9AF007D95F6 /* Release (Production) */,
				FD877CFB29C8D9A5007D95F6 /* Release (Staging) */,
				FD877CF829C8D99C007D95F6 /* Release (Development) */,
			);
			defaultConfigurationIsVisible = 0;
			defaultConfigurationName = "Debug (Production)";
		};
		FD2D393728BBDD9A009F1861 /* Build configuration list for PBXNativeTarget "Breathic WatchKit App" */ = {
			isa = XCConfigurationList;
			buildConfigurations = (
				FD877CF729C8D993007D95F6 /* Debug (Production) */,
				FD877CF429C8D98A007D95F6 /* Debug (Staging) */,
				FD877CF129C8D97F007D95F6 /* Debug (Development) */,
				FD877D0029C8D9AF007D95F6 /* Release (Production) */,
				FD877CFD29C8D9A5007D95F6 /* Release (Staging) */,
				FD877CFA29C8D99C007D95F6 /* Release (Development) */,
			);
			defaultConfigurationIsVisible = 0;
			defaultConfigurationName = "Debug (Production)";
		};
		FD2D393B28BBDD9A009F1861 /* Build configuration list for PBXNativeTarget "Breathic" */ = {
			isa = XCConfigurationList;
			buildConfigurations = (
				FD877CF629C8D993007D95F6 /* Debug (Production) */,
				FD877CF329C8D98A007D95F6 /* Debug (Staging) */,
				FD877CF029C8D97F007D95F6 /* Debug (Development) */,
				FD877CFF29C8D9AF007D95F6 /* Release (Production) */,
				FD877CFC29C8D9A5007D95F6 /* Release (Staging) */,
				FD877CF929C8D99C007D95F6 /* Release (Development) */,
			);
			defaultConfigurationIsVisible = 0;
			defaultConfigurationName = "Debug (Production)";
		};
/* End XCConfigurationList section */

/* Begin XCRemoteSwiftPackageReference section */
		FD877CEC29C89A6B007D95F6 /* XCRemoteSwiftPackageReference "EFQRCode" */ = {
			isa = XCRemoteSwiftPackageReference;
			repositoryURL = "https://github.com/EFPrefix/EFQRCode.git";
			requirement = {
				kind = upToNextMajorVersion;
				minimumVersion = 6.0.0;
			};
		};
		FDC878A129A144E400579008 /* XCRemoteSwiftPackageReference "CompactSlider" */ = {
			isa = XCRemoteSwiftPackageReference;
			repositoryURL = "https://github.com/buh/CompactSlider.git";
			requirement = {
				kind = upToNextMajorVersion;
				minimumVersion = 1.0.0;
			};
		};
/* End XCRemoteSwiftPackageReference section */

/* Begin XCSwiftPackageProductDependency section */
		FD877CED29C89A6B007D95F6 /* EFQRCode */ = {
			isa = XCSwiftPackageProductDependency;
			package = FD877CEC29C89A6B007D95F6 /* XCRemoteSwiftPackageReference "EFQRCode" */;
			productName = EFQRCode;
		};
		FDC878A229A144E400579008 /* CompactSlider */ = {
			isa = XCSwiftPackageProductDependency;
			package = FDC878A129A144E400579008 /* XCRemoteSwiftPackageReference "CompactSlider" */;
			productName = CompactSlider;
		};
/* End XCSwiftPackageProductDependency section */
	};
	rootObject = FD2D390B28BBDD97009F1861 /* Project object */;
}
