// !$*UTF8*$!
{
	archiveVersion = 1;
	classes = {
	};
	objectVersion = 55;
	objects = {

/* Begin PBXBuildFile section */
		FD2D391628BBDD98009F1861 /* Pacemaker.app in Embed Watch Content */ = {isa = PBXBuildFile; fileRef = FD2D391528BBDD98009F1861 /* Pacemaker.app */; settings = {ATTRIBUTES = (RemoveHeadersOnCopy, ); }; };
		FD2D391B28BBDD99009F1861 /* Assets.xcassets in Resources */ = {isa = PBXBuildFile; fileRef = FD2D391A28BBDD99009F1861 /* Assets.xcassets */; };
		FD2D392128BBDD99009F1861 /* pacemaker WatchKit Extension.appex in Embed App Extensions */ = {isa = PBXBuildFile; fileRef = FD2D392028BBDD99009F1861 /* pacemaker WatchKit Extension.appex */; settings = {ATTRIBUTES = (RemoveHeadersOnCopy, ); }; };
		FD2D392628BBDD99009F1861 /* ContentView.swift in Sources */ = {isa = PBXBuildFile; fileRef = FD2D392528BBDD99009F1861 /* ContentView.swift */; };
		FD2D392828BBDD99009F1861 /* pacemakerApp.swift in Sources */ = {isa = PBXBuildFile; fileRef = FD2D392728BBDD99009F1861 /* pacemakerApp.swift */; };
		FD2D392A28BBDD99009F1861 /* ComplicationController.swift in Sources */ = {isa = PBXBuildFile; fileRef = FD2D392928BBDD99009F1861 /* ComplicationController.swift */; };
		FD2D392C28BBDD9A009F1861 /* Assets.xcassets in Resources */ = {isa = PBXBuildFile; fileRef = FD2D392B28BBDD9A009F1861 /* Assets.xcassets */; };
		FD2D392F28BBDD9A009F1861 /* Preview Assets.xcassets in Resources */ = {isa = PBXBuildFile; fileRef = FD2D392E28BBDD9A009F1861 /* Preview Assets.xcassets */; };
		FD2D393F28BBDE4A009F1861 /* AppStore.swift in Sources */ = {isa = PBXBuildFile; fileRef = FD2D393E28BBDE4A009F1861 /* AppStore.swift */; };
		FD2D394628BBDF24009F1861 /* Easing in Frameworks */ = {isa = PBXBuildFile; productRef = FD2D394528BBDF24009F1861 /* Easing */; };
		FD2D394828BBDF5B009F1861 /* Pedometer.swift in Sources */ = {isa = PBXBuildFile; fileRef = FD2D394728BBDF5B009F1861 /* Pedometer.swift */; };
		FD2D394A28BBDF7B009F1861 /* Definitions.swift in Sources */ = {isa = PBXBuildFile; fileRef = FD2D394928BBDF7B009F1861 /* Definitions.swift */; };
		FD2D394C28BBDF9E009F1861 /* Constants.swift in Sources */ = {isa = PBXBuildFile; fileRef = FD2D394B28BBDF9E009F1861 /* Constants.swift */; };
		FD2D394E28BBDFC9009F1861 /* Location.swift in Sources */ = {isa = PBXBuildFile; fileRef = FD2D394D28BBDFC9009F1861 /* Location.swift */; };
		FD2D395028BBDFEE009F1861 /* FS.swift in Sources */ = {isa = PBXBuildFile; fileRef = FD2D394F28BBDFEE009F1861 /* FS.swift */; };
		FD2D395228BBE012009F1861 /* Extensions.swift in Sources */ = {isa = PBXBuildFile; fileRef = FD2D395128BBE012009F1861 /* Extensions.swift */; };
		FD2D395828BBE14E009F1861 /* Player.swift in Sources */ = {isa = PBXBuildFile; fileRef = FD2D395728BBE14E009F1861 /* Player.swift */; };
		FD54540328C74BD6002E24C1 /* HealthKit.framework in Frameworks */ = {isa = PBXBuildFile; fileRef = FD54540228C74BD6002E24C1 /* HealthKit.framework */; };
		FD54540528C78E56002E24C1 /* HeartRate.swift in Sources */ = {isa = PBXBuildFile; fileRef = FD54540428C78E56002E24C1 /* HeartRate.swift */; };
		FD9ABB6E28BBED42003049AC /* SessionCoordinator.swift in Sources */ = {isa = PBXBuildFile; fileRef = FD9ABB6D28BBED42003049AC /* SessionCoordinator.swift */; };
		FDFB458728BE241C00ED7F49 /* data in Resources */ = {isa = PBXBuildFile; fileRef = FDFB458628BE241C00ED7F49 /* data */; };
/* End PBXBuildFile section */

/* Begin PBXContainerItemProxy section */
		FD2D391728BBDD98009F1861 /* PBXContainerItemProxy */ = {
			isa = PBXContainerItemProxy;
			containerPortal = FD2D390B28BBDD97009F1861 /* Project object */;
			proxyType = 1;
			remoteGlobalIDString = FD2D391428BBDD98009F1861;
			remoteInfo = "pacemaker WatchKit App";
		};
		FD2D392228BBDD99009F1861 /* PBXContainerItemProxy */ = {
			isa = PBXContainerItemProxy;
			containerPortal = FD2D390B28BBDD97009F1861 /* Project object */;
			proxyType = 1;
			remoteGlobalIDString = FD2D391F28BBDD99009F1861;
			remoteInfo = "pacemaker WatchKit Extension";
		};
/* End PBXContainerItemProxy section */

/* Begin PBXCopyFilesBuildPhase section */
		FD2D393628BBDD9A009F1861 /* Embed App Extensions */ = {
			isa = PBXCopyFilesBuildPhase;
			buildActionMask = 2147483647;
			dstPath = "";
			dstSubfolderSpec = 13;
			files = (
				FD2D392128BBDD99009F1861 /* pacemaker WatchKit Extension.appex in Embed App Extensions */,
			);
			name = "Embed App Extensions";
			runOnlyForDeploymentPostprocessing = 0;
		};
		FD2D393A28BBDD9A009F1861 /* Embed Watch Content */ = {
			isa = PBXCopyFilesBuildPhase;
			buildActionMask = 2147483647;
			dstPath = "$(CONTENTS_FOLDER_PATH)/Watch";
			dstSubfolderSpec = 16;
			files = (
				FD2D391628BBDD98009F1861 /* Pacemaker.app in Embed Watch Content */,
			);
			name = "Embed Watch Content";
			runOnlyForDeploymentPostprocessing = 0;
		};
/* End PBXCopyFilesBuildPhase section */

/* Begin PBXFileReference section */
		FD2D391128BBDD97009F1861 /* pacemaker.app */ = {isa = PBXFileReference; explicitFileType = wrapper.application; includeInIndex = 0; path = pacemaker.app; sourceTree = BUILT_PRODUCTS_DIR; };
		FD2D391528BBDD98009F1861 /* Pacemaker.app */ = {isa = PBXFileReference; explicitFileType = wrapper.application; includeInIndex = 0; path = Pacemaker.app; sourceTree = BUILT_PRODUCTS_DIR; };
		FD2D391A28BBDD99009F1861 /* Assets.xcassets */ = {isa = PBXFileReference; lastKnownFileType = folder.assetcatalog; path = Assets.xcassets; sourceTree = "<group>"; };
		FD2D392028BBDD99009F1861 /* pacemaker WatchKit Extension.appex */ = {isa = PBXFileReference; explicitFileType = "wrapper.app-extension"; includeInIndex = 0; path = "pacemaker WatchKit Extension.appex"; sourceTree = BUILT_PRODUCTS_DIR; };
		FD2D392528BBDD99009F1861 /* ContentView.swift */ = {isa = PBXFileReference; lastKnownFileType = sourcecode.swift; path = ContentView.swift; sourceTree = "<group>"; };
		FD2D392728BBDD99009F1861 /* pacemakerApp.swift */ = {isa = PBXFileReference; lastKnownFileType = sourcecode.swift; path = pacemakerApp.swift; sourceTree = "<group>"; };
		FD2D392928BBDD99009F1861 /* ComplicationController.swift */ = {isa = PBXFileReference; lastKnownFileType = sourcecode.swift; path = ComplicationController.swift; sourceTree = "<group>"; };
		FD2D392B28BBDD9A009F1861 /* Assets.xcassets */ = {isa = PBXFileReference; lastKnownFileType = folder.assetcatalog; path = Assets.xcassets; sourceTree = "<group>"; };
		FD2D392E28BBDD9A009F1861 /* Preview Assets.xcassets */ = {isa = PBXFileReference; lastKnownFileType = folder.assetcatalog; path = "Preview Assets.xcassets"; sourceTree = "<group>"; };
		FD2D393028BBDD9A009F1861 /* Info.plist */ = {isa = PBXFileReference; lastKnownFileType = text.plist.xml; path = Info.plist; sourceTree = "<group>"; };
		FD2D393E28BBDE4A009F1861 /* AppStore.swift */ = {isa = PBXFileReference; lastKnownFileType = sourcecode.swift; path = AppStore.swift; sourceTree = "<group>"; };
		FD2D394728BBDF5B009F1861 /* Pedometer.swift */ = {isa = PBXFileReference; lastKnownFileType = sourcecode.swift; path = Pedometer.swift; sourceTree = "<group>"; };
		FD2D394928BBDF7B009F1861 /* Definitions.swift */ = {isa = PBXFileReference; lastKnownFileType = sourcecode.swift; path = Definitions.swift; sourceTree = "<group>"; };
		FD2D394B28BBDF9E009F1861 /* Constants.swift */ = {isa = PBXFileReference; lastKnownFileType = sourcecode.swift; path = Constants.swift; sourceTree = "<group>"; };
		FD2D394D28BBDFC9009F1861 /* Location.swift */ = {isa = PBXFileReference; lastKnownFileType = sourcecode.swift; path = Location.swift; sourceTree = "<group>"; };
		FD2D394F28BBDFEE009F1861 /* FS.swift */ = {isa = PBXFileReference; lastKnownFileType = sourcecode.swift; path = FS.swift; sourceTree = "<group>"; };
		FD2D395128BBE012009F1861 /* Extensions.swift */ = {isa = PBXFileReference; lastKnownFileType = sourcecode.swift; path = Extensions.swift; sourceTree = "<group>"; };
		FD2D395728BBE14E009F1861 /* Player.swift */ = {isa = PBXFileReference; lastKnownFileType = sourcecode.swift; path = Player.swift; sourceTree = "<group>"; };
		FD54540128C74BD6002E24C1 /* pacemaker WatchKit ExtensionDebug.entitlements */ = {isa = PBXFileReference; lastKnownFileType = text.plist.entitlements; path = "pacemaker WatchKit ExtensionDebug.entitlements"; sourceTree = "<group>"; };
		FD54540228C74BD6002E24C1 /* HealthKit.framework */ = {isa = PBXFileReference; lastKnownFileType = wrapper.framework; name = HealthKit.framework; path = Platforms/WatchOS.platform/Developer/SDKs/WatchOS8.5.sdk/System/Library/Frameworks/HealthKit.framework; sourceTree = DEVELOPER_DIR; };
		FD54540428C78E56002E24C1 /* HeartRate.swift */ = {isa = PBXFileReference; lastKnownFileType = sourcecode.swift; path = HeartRate.swift; sourceTree = "<group>"; };
		FD9ABB6D28BBED42003049AC /* SessionCoordinator.swift */ = {isa = PBXFileReference; lastKnownFileType = sourcecode.swift; path = SessionCoordinator.swift; sourceTree = "<group>"; };
		FDFB458628BE241C00ED7F49 /* data */ = {isa = PBXFileReference; lastKnownFileType = folder; path = data; sourceTree = "<group>"; };
/* End PBXFileReference section */

/* Begin PBXFrameworksBuildPhase section */
		FD2D391D28BBDD99009F1861 /* Frameworks */ = {
			isa = PBXFrameworksBuildPhase;
			buildActionMask = 2147483647;
			files = (
				FD2D394628BBDF24009F1861 /* Easing in Frameworks */,
				FD54540328C74BD6002E24C1 /* HealthKit.framework in Frameworks */,
			);
			runOnlyForDeploymentPostprocessing = 0;
		};
/* End PBXFrameworksBuildPhase section */

/* Begin PBXGroup section */
		FD2D390A28BBDD97009F1861 = {
			isa = PBXGroup;
			children = (
				FD2D391928BBDD98009F1861 /* pacemaker WatchKit App */,
				FD2D392428BBDD99009F1861 /* pacemaker WatchKit Extension */,
				FD2D391228BBDD97009F1861 /* Products */,
				FD2D394428BBDF24009F1861 /* Frameworks */,
			);
			sourceTree = "<group>";
		};
		FD2D391228BBDD97009F1861 /* Products */ = {
			isa = PBXGroup;
			children = (
				FD2D391128BBDD97009F1861 /* pacemaker.app */,
				FD2D391528BBDD98009F1861 /* Pacemaker.app */,
				FD2D392028BBDD99009F1861 /* pacemaker WatchKit Extension.appex */,
			);
			name = Products;
			sourceTree = "<group>";
		};
		FD2D391928BBDD98009F1861 /* pacemaker WatchKit App */ = {
			isa = PBXGroup;
			children = (
				FD2D391A28BBDD99009F1861 /* Assets.xcassets */,
			);
			path = "pacemaker WatchKit App";
			sourceTree = "<group>";
		};
		FD2D392428BBDD99009F1861 /* pacemaker WatchKit Extension */ = {
			isa = PBXGroup;
			children = (
				FD54540128C74BD6002E24C1 /* pacemaker WatchKit ExtensionDebug.entitlements */,
				FD2D392528BBDD99009F1861 /* ContentView.swift */,
				FD9ABB6D28BBED42003049AC /* SessionCoordinator.swift */,
				FD2D395728BBE14E009F1861 /* Player.swift */,
				FD2D392728BBDD99009F1861 /* pacemakerApp.swift */,
				FD2D394D28BBDFC9009F1861 /* Location.swift */,
				FDFB458628BE241C00ED7F49 /* data */,
				FD2D394B28BBDF9E009F1861 /* Constants.swift */,
				FD2D394F28BBDFEE009F1861 /* FS.swift */,
				FD2D395128BBE012009F1861 /* Extensions.swift */,
				FD2D394928BBDF7B009F1861 /* Definitions.swift */,
				FD2D392928BBDD99009F1861 /* ComplicationController.swift */,
				FD2D392B28BBDD9A009F1861 /* Assets.xcassets */,
				FD2D393028BBDD9A009F1861 /* Info.plist */,
				FD2D392D28BBDD9A009F1861 /* Preview Content */,
				FD2D393E28BBDE4A009F1861 /* AppStore.swift */,
				FD2D394728BBDF5B009F1861 /* Pedometer.swift */,
				FD54540428C78E56002E24C1 /* HeartRate.swift */,
			);
			path = "pacemaker WatchKit Extension";
			sourceTree = "<group>";
		};
		FD2D392D28BBDD9A009F1861 /* Preview Content */ = {
			isa = PBXGroup;
			children = (
				FD2D392E28BBDD9A009F1861 /* Preview Assets.xcassets */,
			);
			path = "Preview Content";
			sourceTree = "<group>";
		};
		FD2D394428BBDF24009F1861 /* Frameworks */ = {
			isa = PBXGroup;
			children = (
				FD54540228C74BD6002E24C1 /* HealthKit.framework */,
			);
			name = Frameworks;
			sourceTree = "<group>";
		};
/* End PBXGroup section */

/* Begin PBXNativeTarget section */
		FD2D391028BBDD97009F1861 /* pacemaker */ = {
			isa = PBXNativeTarget;
			buildConfigurationList = FD2D393B28BBDD9A009F1861 /* Build configuration list for PBXNativeTarget "pacemaker" */;
			buildPhases = (
				FD2D390F28BBDD97009F1861 /* Resources */,
				FD2D393A28BBDD9A009F1861 /* Embed Watch Content */,
			);
			buildRules = (
			);
			dependencies = (
				FD2D391828BBDD98009F1861 /* PBXTargetDependency */,
			);
			name = pacemaker;
			packageProductDependencies = (
				FD2D394328BBDEE1009F1861 /* Easing */,
			);
			productName = pacemaker;
			productReference = FD2D391128BBDD97009F1861 /* pacemaker.app */;
			productType = "com.apple.product-type.application.watchapp2-container";
		};
		FD2D391428BBDD98009F1861 /* pacemaker WatchKit App */ = {
			isa = PBXNativeTarget;
			buildConfigurationList = FD2D393728BBDD9A009F1861 /* Build configuration list for PBXNativeTarget "pacemaker WatchKit App" */;
			buildPhases = (
				FD2D391328BBDD98009F1861 /* Resources */,
				FD2D393628BBDD9A009F1861 /* Embed App Extensions */,
			);
			buildRules = (
			);
			dependencies = (
				FD2D392328BBDD99009F1861 /* PBXTargetDependency */,
			);
			name = "pacemaker WatchKit App";
			productName = "pacemaker WatchKit App";
			productReference = FD2D391528BBDD98009F1861 /* Pacemaker.app */;
			productType = "com.apple.product-type.application.watchapp2";
		};
		FD2D391F28BBDD99009F1861 /* pacemaker WatchKit Extension */ = {
			isa = PBXNativeTarget;
			buildConfigurationList = FD2D393328BBDD9A009F1861 /* Build configuration list for PBXNativeTarget "pacemaker WatchKit Extension" */;
			buildPhases = (
				FD2D391C28BBDD99009F1861 /* Sources */,
				FD2D391D28BBDD99009F1861 /* Frameworks */,
				FD2D391E28BBDD99009F1861 /* Resources */,
			);
			buildRules = (
			);
			dependencies = (
			);
			name = "pacemaker WatchKit Extension";
			packageProductDependencies = (
				FD2D394528BBDF24009F1861 /* Easing */,
			);
			productName = "pacemaker WatchKit Extension";
			productReference = FD2D392028BBDD99009F1861 /* pacemaker WatchKit Extension.appex */;
			productType = "com.apple.product-type.watchkit2-extension";
		};
/* End PBXNativeTarget section */

/* Begin PBXProject section */
		FD2D390B28BBDD97009F1861 /* Project object */ = {
			isa = PBXProject;
			attributes = {
				BuildIndependentTargetsInParallel = 1;
				LastSwiftUpdateCheck = 1340;
				LastUpgradeCheck = 1340;
				TargetAttributes = {
					FD2D391028BBDD97009F1861 = {
						CreatedOnToolsVersion = 13.4.1;
					};
					FD2D391428BBDD98009F1861 = {
						CreatedOnToolsVersion = 13.4.1;
					};
					FD2D391F28BBDD99009F1861 = {
						CreatedOnToolsVersion = 13.4.1;
					};
				};
			};
			buildConfigurationList = FD2D390E28BBDD97009F1861 /* Build configuration list for PBXProject "pacemaker" */;
			compatibilityVersion = "Xcode 13.0";
			developmentRegion = en;
			hasScannedForEncodings = 0;
			knownRegions = (
				en,
				Base,
			);
			mainGroup = FD2D390A28BBDD97009F1861;
			packageReferences = (
				FD2D394228BBDEE1009F1861 /* XCRemoteSwiftPackageReference "Easing" */,
			);
			productRefGroup = FD2D391228BBDD97009F1861 /* Products */;
			projectDirPath = "";
			projectRoot = "";
			targets = (
				FD2D391028BBDD97009F1861 /* pacemaker */,
				FD2D391428BBDD98009F1861 /* pacemaker WatchKit App */,
				FD2D391F28BBDD99009F1861 /* pacemaker WatchKit Extension */,
			);
		};
/* End PBXProject section */

/* Begin PBXResourcesBuildPhase section */
		FD2D390F28BBDD97009F1861 /* Resources */ = {
			isa = PBXResourcesBuildPhase;
			buildActionMask = 2147483647;
			files = (
			);
			runOnlyForDeploymentPostprocessing = 0;
		};
		FD2D391328BBDD98009F1861 /* Resources */ = {
			isa = PBXResourcesBuildPhase;
			buildActionMask = 2147483647;
			files = (
				FD2D391B28BBDD99009F1861 /* Assets.xcassets in Resources */,
			);
			runOnlyForDeploymentPostprocessing = 0;
		};
		FD2D391E28BBDD99009F1861 /* Resources */ = {
			isa = PBXResourcesBuildPhase;
			buildActionMask = 2147483647;
			files = (
				FD2D392F28BBDD9A009F1861 /* Preview Assets.xcassets in Resources */,
				FDFB458728BE241C00ED7F49 /* data in Resources */,
				FD2D392C28BBDD9A009F1861 /* Assets.xcassets in Resources */,
			);
			runOnlyForDeploymentPostprocessing = 0;
		};
/* End PBXResourcesBuildPhase section */

/* Begin PBXSourcesBuildPhase section */
		FD2D391C28BBDD99009F1861 /* Sources */ = {
			isa = PBXSourcesBuildPhase;
			buildActionMask = 2147483647;
			files = (
				FD2D394A28BBDF7B009F1861 /* Definitions.swift in Sources */,
				FD2D392628BBDD99009F1861 /* ContentView.swift in Sources */,
				FD2D392828BBDD99009F1861 /* pacemakerApp.swift in Sources */,
				FD54540528C78E56002E24C1 /* HeartRate.swift in Sources */,
				FD2D392A28BBDD99009F1861 /* ComplicationController.swift in Sources */,
				FD2D395828BBE14E009F1861 /* Player.swift in Sources */,
				FD2D394E28BBDFC9009F1861 /* Location.swift in Sources */,
				FD9ABB6E28BBED42003049AC /* SessionCoordinator.swift in Sources */,
				FD2D393F28BBDE4A009F1861 /* AppStore.swift in Sources */,
				FD2D394828BBDF5B009F1861 /* Pedometer.swift in Sources */,
				FD2D395028BBDFEE009F1861 /* FS.swift in Sources */,
				FD2D395228BBE012009F1861 /* Extensions.swift in Sources */,
				FD2D394C28BBDF9E009F1861 /* Constants.swift in Sources */,
			);
			runOnlyForDeploymentPostprocessing = 0;
		};
/* End PBXSourcesBuildPhase section */

/* Begin PBXTargetDependency section */
		FD2D391828BBDD98009F1861 /* PBXTargetDependency */ = {
			isa = PBXTargetDependency;
			target = FD2D391428BBDD98009F1861 /* pacemaker WatchKit App */;
			targetProxy = FD2D391728BBDD98009F1861 /* PBXContainerItemProxy */;
		};
		FD2D392328BBDD99009F1861 /* PBXTargetDependency */ = {
			isa = PBXTargetDependency;
			target = FD2D391F28BBDD99009F1861 /* pacemaker WatchKit Extension */;
			targetProxy = FD2D392228BBDD99009F1861 /* PBXContainerItemProxy */;
		};
/* End PBXTargetDependency section */

/* Begin XCBuildConfiguration section */
		FD2D393128BBDD9A009F1861 /* Debug */ = {
			isa = XCBuildConfiguration;
			buildSettings = {
				ALWAYS_SEARCH_USER_PATHS = NO;
				CLANG_ANALYZER_NONNULL = YES;
				CLANG_ANALYZER_NUMBER_OBJECT_CONVERSION = YES_AGGRESSIVE;
				CLANG_CXX_LANGUAGE_STANDARD = "gnu++17";
				CLANG_ENABLE_MODULES = YES;
				CLANG_ENABLE_OBJC_ARC = YES;
				CLANG_ENABLE_OBJC_WEAK = YES;
				CLANG_WARN_BLOCK_CAPTURE_AUTORELEASING = YES;
				CLANG_WARN_BOOL_CONVERSION = YES;
				CLANG_WARN_COMMA = YES;
				CLANG_WARN_CONSTANT_CONVERSION = YES;
				CLANG_WARN_DEPRECATED_OBJC_IMPLEMENTATIONS = YES;
				CLANG_WARN_DIRECT_OBJC_ISA_USAGE = YES_ERROR;
				CLANG_WARN_DOCUMENTATION_COMMENTS = YES;
				CLANG_WARN_EMPTY_BODY = YES;
				CLANG_WARN_ENUM_CONVERSION = YES;
				CLANG_WARN_INFINITE_RECURSION = YES;
				CLANG_WARN_INT_CONVERSION = YES;
				CLANG_WARN_NON_LITERAL_NULL_CONVERSION = YES;
				CLANG_WARN_OBJC_IMPLICIT_RETAIN_SELF = YES;
				CLANG_WARN_OBJC_LITERAL_CONVERSION = YES;
				CLANG_WARN_OBJC_ROOT_CLASS = YES_ERROR;
				CLANG_WARN_QUOTED_INCLUDE_IN_FRAMEWORK_HEADER = YES;
				CLANG_WARN_RANGE_LOOP_ANALYSIS = YES;
				CLANG_WARN_STRICT_PROTOTYPES = YES;
				CLANG_WARN_SUSPICIOUS_MOVE = YES;
				CLANG_WARN_UNGUARDED_AVAILABILITY = YES_AGGRESSIVE;
				CLANG_WARN_UNREACHABLE_CODE = YES;
				CLANG_WARN__DUPLICATE_METHOD_MATCH = YES;
				COPY_PHASE_STRIP = NO;
				DEBUG_INFORMATION_FORMAT = dwarf;
				ENABLE_STRICT_OBJC_MSGSEND = YES;
				ENABLE_TESTABILITY = YES;
				GCC_C_LANGUAGE_STANDARD = gnu11;
				GCC_DYNAMIC_NO_PIC = NO;
				GCC_NO_COMMON_BLOCKS = YES;
				GCC_OPTIMIZATION_LEVEL = 0;
				GCC_PREPROCESSOR_DEFINITIONS = (
					"DEBUG=1",
					"$(inherited)",
				);
				GCC_WARN_64_TO_32_BIT_CONVERSION = YES;
				GCC_WARN_ABOUT_RETURN_TYPE = YES_ERROR;
				GCC_WARN_UNDECLARED_SELECTOR = YES;
				GCC_WARN_UNINITIALIZED_AUTOS = YES_AGGRESSIVE;
				GCC_WARN_UNUSED_FUNCTION = YES;
				GCC_WARN_UNUSED_VARIABLE = YES;
				MTL_ENABLE_DEBUG_INFO = INCLUDE_SOURCE;
				MTL_FAST_MATH = YES;
				ONLY_ACTIVE_ARCH = YES;
				SDKROOT = iphoneos;
				SWIFT_ACTIVE_COMPILATION_CONDITIONS = DEBUG;
				SWIFT_OPTIMIZATION_LEVEL = "-Onone";
			};
			name = Debug;
		};
		FD2D393228BBDD9A009F1861 /* Release */ = {
			isa = XCBuildConfiguration;
			buildSettings = {
				ALWAYS_SEARCH_USER_PATHS = NO;
				CLANG_ANALYZER_NONNULL = YES;
				CLANG_ANALYZER_NUMBER_OBJECT_CONVERSION = YES_AGGRESSIVE;
				CLANG_CXX_LANGUAGE_STANDARD = "gnu++17";
				CLANG_ENABLE_MODULES = YES;
				CLANG_ENABLE_OBJC_ARC = YES;
				CLANG_ENABLE_OBJC_WEAK = YES;
				CLANG_WARN_BLOCK_CAPTURE_AUTORELEASING = YES;
				CLANG_WARN_BOOL_CONVERSION = YES;
				CLANG_WARN_COMMA = YES;
				CLANG_WARN_CONSTANT_CONVERSION = YES;
				CLANG_WARN_DEPRECATED_OBJC_IMPLEMENTATIONS = YES;
				CLANG_WARN_DIRECT_OBJC_ISA_USAGE = YES_ERROR;
				CLANG_WARN_DOCUMENTATION_COMMENTS = YES;
				CLANG_WARN_EMPTY_BODY = YES;
				CLANG_WARN_ENUM_CONVERSION = YES;
				CLANG_WARN_INFINITE_RECURSION = YES;
				CLANG_WARN_INT_CONVERSION = YES;
				CLANG_WARN_NON_LITERAL_NULL_CONVERSION = YES;
				CLANG_WARN_OBJC_IMPLICIT_RETAIN_SELF = YES;
				CLANG_WARN_OBJC_LITERAL_CONVERSION = YES;
				CLANG_WARN_OBJC_ROOT_CLASS = YES_ERROR;
				CLANG_WARN_QUOTED_INCLUDE_IN_FRAMEWORK_HEADER = YES;
				CLANG_WARN_RANGE_LOOP_ANALYSIS = YES;
				CLANG_WARN_STRICT_PROTOTYPES = YES;
				CLANG_WARN_SUSPICIOUS_MOVE = YES;
				CLANG_WARN_UNGUARDED_AVAILABILITY = YES_AGGRESSIVE;
				CLANG_WARN_UNREACHABLE_CODE = YES;
				CLANG_WARN__DUPLICATE_METHOD_MATCH = YES;
				COPY_PHASE_STRIP = NO;
				DEBUG_INFORMATION_FORMAT = "dwarf-with-dsym";
				ENABLE_NS_ASSERTIONS = NO;
				ENABLE_STRICT_OBJC_MSGSEND = YES;
				GCC_C_LANGUAGE_STANDARD = gnu11;
				GCC_NO_COMMON_BLOCKS = YES;
				GCC_WARN_64_TO_32_BIT_CONVERSION = YES;
				GCC_WARN_ABOUT_RETURN_TYPE = YES_ERROR;
				GCC_WARN_UNDECLARED_SELECTOR = YES;
				GCC_WARN_UNINITIALIZED_AUTOS = YES_AGGRESSIVE;
				GCC_WARN_UNUSED_FUNCTION = YES;
				GCC_WARN_UNUSED_VARIABLE = YES;
				MTL_ENABLE_DEBUG_INFO = NO;
				MTL_FAST_MATH = YES;
				SDKROOT = iphoneos;
				SWIFT_COMPILATION_MODE = wholemodule;
				SWIFT_OPTIMIZATION_LEVEL = "-O";
				VALIDATE_PRODUCT = YES;
			};
			name = Release;
		};
		FD2D393428BBDD9A009F1861 /* Debug */ = {
			isa = XCBuildConfiguration;
			buildSettings = {
				ASSETCATALOG_COMPILER_COMPLICATION_NAME = Complication;
				CODE_SIGN_ENTITLEMENTS = "pacemaker WatchKit Extension/pacemaker WatchKit ExtensionDebug.entitlements";
				CODE_SIGN_STYLE = Automatic;
				CURRENT_PROJECT_VERSION = 1;
				DEVELOPMENT_ASSET_PATHS = "\"pacemaker WatchKit Extension/Preview Content\"";
				DEVELOPMENT_TEAM = FRDNTT895P;
				ENABLE_PREVIEWS = YES;
				GENERATE_INFOPLIST_FILE = YES;
				INFOPLIST_FILE = "pacemaker WatchKit Extension/Info.plist";
				INFOPLIST_KEY_CFBundleDisplayName = Pacemaker;
				INFOPLIST_KEY_CLKComplicationPrincipalClass = pacemaker_WatchKit_Extension.ComplicationController;
				INFOPLIST_KEY_NSHumanReadableCopyright = "";
				INFOPLIST_KEY_NSLocationAlwaysAndWhenInUseUsageDescription = "";
				INFOPLIST_KEY_NSLocationAlwaysUsageDescription = "";
				INFOPLIST_KEY_NSLocationWhenInUseUsageDescription = "";
				INFOPLIST_KEY_WKWatchOnly = YES;
				LD_RUNPATH_SEARCH_PATHS = (
					"$(inherited)",
					"@executable_path/Frameworks",
					"@executable_path/../../Frameworks",
				);
				MARKETING_VERSION = 1.0;
				PRODUCT_BUNDLE_IDENTIFIER = fringe.pacemaker.watchkitapp.watchkitextension;
				PRODUCT_NAME = "${TARGET_NAME}";
				SDKROOT = watchos;
				SKIP_INSTALL = YES;
				SWIFT_EMIT_LOC_STRINGS = YES;
				SWIFT_VERSION = 5.0;
				TARGETED_DEVICE_FAMILY = 4;
				WATCHOS_DEPLOYMENT_TARGET = 8.5;
			};
			name = Debug;
		};
		FD2D393528BBDD9A009F1861 /* Release */ = {
			isa = XCBuildConfiguration;
			buildSettings = {
				ASSETCATALOG_COMPILER_COMPLICATION_NAME = Complication;
				CODE_SIGN_STYLE = Automatic;
				CURRENT_PROJECT_VERSION = 1;
				DEVELOPMENT_ASSET_PATHS = "\"pacemaker WatchKit Extension/Preview Content\"";
				DEVELOPMENT_TEAM = FRDNTT895P;
				ENABLE_PREVIEWS = YES;
				GENERATE_INFOPLIST_FILE = YES;
				INFOPLIST_FILE = "pacemaker WatchKit Extension/Info.plist";
				INFOPLIST_KEY_CFBundleDisplayName = Pacemaker;
				INFOPLIST_KEY_CLKComplicationPrincipalClass = pacemaker_WatchKit_Extension.ComplicationController;
				INFOPLIST_KEY_NSHumanReadableCopyright = "";
				INFOPLIST_KEY_NSLocationAlwaysAndWhenInUseUsageDescription = "";
				INFOPLIST_KEY_NSLocationAlwaysUsageDescription = "";
				INFOPLIST_KEY_NSLocationWhenInUseUsageDescription = "";
				INFOPLIST_KEY_WKWatchOnly = YES;
				LD_RUNPATH_SEARCH_PATHS = (
					"$(inherited)",
					"@executable_path/Frameworks",
					"@executable_path/../../Frameworks",
				);
				MARKETING_VERSION = 1.0;
				PRODUCT_BUNDLE_IDENTIFIER = fringe.pacemaker.watchkitapp.watchkitextension;
				PRODUCT_NAME = "${TARGET_NAME}";
				SDKROOT = watchos;
				SKIP_INSTALL = YES;
				SWIFT_EMIT_LOC_STRINGS = YES;
				SWIFT_VERSION = 5.0;
				TARGETED_DEVICE_FAMILY = 4;
				WATCHOS_DEPLOYMENT_TARGET = 8.5;
			};
			name = Release;
		};
		FD2D393828BBDD9A009F1861 /* Debug */ = {
			isa = XCBuildConfiguration;
			buildSettings = {
				ALWAYS_EMBED_SWIFT_STANDARD_LIBRARIES = YES;
				ASSETCATALOG_COMPILER_APPICON_NAME = AppIcon;
				ASSETCATALOG_COMPILER_GLOBAL_ACCENT_COLOR_NAME = AccentColor;
				CODE_SIGN_STYLE = Automatic;
				CURRENT_PROJECT_VERSION = 1;
				DEVELOPMENT_TEAM = FRDNTT895P;
				GENERATE_INFOPLIST_FILE = YES;
				IBSC_MODULE = pacemaker_WatchKit_Extension;
				INFOPLIST_KEY_UISupportedInterfaceOrientations = "UIInterfaceOrientationPortrait UIInterfaceOrientationPortraitUpsideDown";
				MARKETING_VERSION = 1.0;
				PRODUCT_BUNDLE_IDENTIFIER = fringe.pacemaker.watchkitapp;
				PRODUCT_NAME = Pacemaker;
				SDKROOT = watchos;
				SKIP_INSTALL = YES;
				SWIFT_EMIT_LOC_STRINGS = YES;
				SWIFT_VERSION = 5.0;
				TARGETED_DEVICE_FAMILY = 4;
				WATCHOS_DEPLOYMENT_TARGET = 8.5;
			};
			name = Debug;
		};
		FD2D393928BBDD9A009F1861 /* Release */ = {
			isa = XCBuildConfiguration;
			buildSettings = {
				ALWAYS_EMBED_SWIFT_STANDARD_LIBRARIES = YES;
				ASSETCATALOG_COMPILER_APPICON_NAME = AppIcon;
				ASSETCATALOG_COMPILER_GLOBAL_ACCENT_COLOR_NAME = AccentColor;
				CODE_SIGN_STYLE = Automatic;
				CURRENT_PROJECT_VERSION = 1;
				DEVELOPMENT_TEAM = FRDNTT895P;
				GENERATE_INFOPLIST_FILE = YES;
				IBSC_MODULE = pacemaker_WatchKit_Extension;
				INFOPLIST_KEY_UISupportedInterfaceOrientations = "UIInterfaceOrientationPortrait UIInterfaceOrientationPortraitUpsideDown";
				MARKETING_VERSION = 1.0;
				PRODUCT_BUNDLE_IDENTIFIER = fringe.pacemaker.watchkitapp;
				PRODUCT_NAME = Pacemaker;
				SDKROOT = watchos;
				SKIP_INSTALL = YES;
				SWIFT_EMIT_LOC_STRINGS = YES;
				SWIFT_VERSION = 5.0;
				TARGETED_DEVICE_FAMILY = 4;
				WATCHOS_DEPLOYMENT_TARGET = 8.5;
			};
			name = Release;
		};
		FD2D393C28BBDD9A009F1861 /* Debug */ = {
			isa = XCBuildConfiguration;
			buildSettings = {
				CODE_SIGN_STYLE = Automatic;
				CURRENT_PROJECT_VERSION = 1;
				DEVELOPMENT_TEAM = FRDNTT895P;
				MARKETING_VERSION = 1.0;
				PRODUCT_BUNDLE_IDENTIFIER = fringe.pacemaker;
				PRODUCT_NAME = "$(TARGET_NAME)";
				SWIFT_VERSION = 5.0;
			};
			name = Debug;
		};
		FD2D393D28BBDD9A009F1861 /* Release */ = {
			isa = XCBuildConfiguration;
			buildSettings = {
				CODE_SIGN_STYLE = Automatic;
				CURRENT_PROJECT_VERSION = 1;
				DEVELOPMENT_TEAM = FRDNTT895P;
				MARKETING_VERSION = 1.0;
				PRODUCT_BUNDLE_IDENTIFIER = fringe.pacemaker;
				PRODUCT_NAME = "$(TARGET_NAME)";
				SWIFT_VERSION = 5.0;
			};
			name = Release;
		};
/* End XCBuildConfiguration section */

/* Begin XCConfigurationList section */
		FD2D390E28BBDD97009F1861 /* Build configuration list for PBXProject "pacemaker" */ = {
			isa = XCConfigurationList;
			buildConfigurations = (
				FD2D393128BBDD9A009F1861 /* Debug */,
				FD2D393228BBDD9A009F1861 /* Release */,
			);
			defaultConfigurationIsVisible = 0;
			defaultConfigurationName = Release;
		};
		FD2D393328BBDD9A009F1861 /* Build configuration list for PBXNativeTarget "pacemaker WatchKit Extension" */ = {
			isa = XCConfigurationList;
			buildConfigurations = (
				FD2D393428BBDD9A009F1861 /* Debug */,
				FD2D393528BBDD9A009F1861 /* Release */,
			);
			defaultConfigurationIsVisible = 0;
			defaultConfigurationName = Release;
		};
		FD2D393728BBDD9A009F1861 /* Build configuration list for PBXNativeTarget "pacemaker WatchKit App" */ = {
			isa = XCConfigurationList;
			buildConfigurations = (
				FD2D393828BBDD9A009F1861 /* Debug */,
				FD2D393928BBDD9A009F1861 /* Release */,
			);
			defaultConfigurationIsVisible = 0;
			defaultConfigurationName = Release;
		};
		FD2D393B28BBDD9A009F1861 /* Build configuration list for PBXNativeTarget "pacemaker" */ = {
			isa = XCConfigurationList;
			buildConfigurations = (
				FD2D393C28BBDD9A009F1861 /* Debug */,
				FD2D393D28BBDD9A009F1861 /* Release */,
			);
			defaultConfigurationIsVisible = 0;
			defaultConfigurationName = Release;
		};
/* End XCConfigurationList section */

/* Begin XCRemoteSwiftPackageReference section */
		FD2D394228BBDEE1009F1861 /* XCRemoteSwiftPackageReference "Easing" */ = {
			isa = XCRemoteSwiftPackageReference;
			repositoryURL = "git@github.com:manuelCarlos/Easing.git";
			requirement = {
				kind = upToNextMajorVersion;
				minimumVersion = 2.0.0;
			};
		};
/* End XCRemoteSwiftPackageReference section */

/* Begin XCSwiftPackageProductDependency section */
		FD2D394328BBDEE1009F1861 /* Easing */ = {
			isa = XCSwiftPackageProductDependency;
			package = FD2D394228BBDEE1009F1861 /* XCRemoteSwiftPackageReference "Easing" */;
			productName = Easing;
		};
		FD2D394528BBDF24009F1861 /* Easing */ = {
			isa = XCSwiftPackageProductDependency;
			package = FD2D394228BBDEE1009F1861 /* XCRemoteSwiftPackageReference "Easing" */;
			productName = Easing;
		};
/* End XCSwiftPackageProductDependency section */
	};
	rootObject = FD2D390B28BBDD97009F1861 /* Project object */;
}
