{
  "pins" : [
    {
      "identity" : "easing",
      "kind" : "remoteSourceControl",
      "location" : "git@github.com:manuelCarlos/Easing.git",
      "state" : {
        "revision" : "1e57d02e373c83aa8c5d689daf48992f590361c7",
        "version" : "2.1.2"
      }
    },
    {
      "identity" : "sentry-cocoa",
      "kind" : "remoteSourceControl",
      "location" : "https://github.com/getsentry/sentry-cocoa.git",
      "state" : {
        "revision" : "4a60ff4287d4c6ac64085ad48606ef5ecaec9817",
        "version" : "7.24.1"
      }
    },
    {
      "identity" : "swift-numerics",
      "kind" : "remoteSourceControl",
      "location" : "https://github.com/apple/swift-numerics",
      "state" : {
        "revision" : "0a5bc04095a675662cf24757cc0640aa2204253b",
        "version" : "1.0.2"
      }
    }
  ],
  "version" : 2
}
